// !$*UTF8*$!
{
	archiveVersion = 1;
	classes = {
	};
	objectVersion = 55;
	objects = {

/* Begin PBXBuildFile section */
		B7031554286D86940070493B /* ShortcutCollectionViewCell.swift in Sources */ = {isa = PBXBuildFile; fileRef = B7031552286D86940070493B /* ShortcutCollectionViewCell.swift */; };
		B7031555286D86940070493B /* ShortcutCollectionViewCell.xib in Resources */ = {isa = PBXBuildFile; fileRef = B7031553286D86940070493B /* ShortcutCollectionViewCell.xib */; };
		B7031558286D9A2A0070493B /* SendToTableViewCell.swift in Sources */ = {isa = PBXBuildFile; fileRef = B7031556286D9A2A0070493B /* SendToTableViewCell.swift */; };
		B7031559286D9A2A0070493B /* SendToTableViewCell.xib in Resources */ = {isa = PBXBuildFile; fileRef = B7031557286D9A2A0070493B /* SendToTableViewCell.xib */; };
		B7117028283B836500FF985A /* MyQRCode.xib in Resources */ = {isa = PBXBuildFile; fileRef = B7117027283B836500FF985A /* MyQRCode.xib */; };
		B711702A283B846900FF985A /* MyQRCode.swift in Sources */ = {isa = PBXBuildFile; fileRef = B7117029283B846900FF985A /* MyQRCode.swift */; };
		B71170572840AD7700FF985A /* ScanQrCodeViewController.swift in Sources */ = {isa = PBXBuildFile; fileRef = B71170562840AD7700FF985A /* ScanQrCodeViewController.swift */; };
		B727FDF52851ECD100BA50C7 /* CastcleQrCodeViewModel.swift in Sources */ = {isa = PBXBuildFile; fileRef = B727FDF42851ECD100BA50C7 /* CastcleQrCodeViewModel.swift */; };
		B728FE552844ACCC00CF03DA /* MyQrCodeViewController.swift in Sources */ = {isa = PBXBuildFile; fileRef = B728FE542844ACCC00CF03DA /* MyQrCodeViewController.swift */; };
		B728FE572844AD9C00CF03DA /* CastcleQrCodeViewController.swift in Sources */ = {isa = PBXBuildFile; fileRef = B728FE562844AD9C00CF03DA /* CastcleQrCodeViewController.swift */; };
		B728FE5C2844B17C00CF03DA /* CastcleQrCodeTableViewCell.swift in Sources */ = {isa = PBXBuildFile; fileRef = B728FE5A2844B17C00CF03DA /* CastcleQrCodeTableViewCell.swift */; };
		B728FE5D2844B17D00CF03DA /* CastcleQrCodeTableViewCell.xib in Resources */ = {isa = PBXBuildFile; fileRef = B728FE5B2844B17C00CF03DA /* CastcleQrCodeTableViewCell.xib */; };
		B72FDEB42833978A00748D13 /* Wallet.storyboard in Resources */ = {isa = PBXBuildFile; fileRef = B72FDEB32833978A00748D13 /* Wallet.storyboard */; };
		B72FDEBB2833986100748D13 /* WalletViewController.swift in Sources */ = {isa = PBXBuildFile; fileRef = B72FDEBA2833986100748D13 /* WalletViewController.swift */; };
		B72FDEBD2833989C00748D13 /* WalletNibVars.swift in Sources */ = {isa = PBXBuildFile; fileRef = B72FDEBC2833989C00748D13 /* WalletNibVars.swift */; };
		B72FDEBF283398B300748D13 /* WalletOpener.swift in Sources */ = {isa = PBXBuildFile; fileRef = B72FDEBE283398B300748D13 /* WalletOpener.swift */; };
		B72FDEC828339F5700748D13 /* Assets.xcassets in Resources */ = {isa = PBXBuildFile; fileRef = B72FDEC728339F5700748D13 /* Assets.xcassets */; };
		B72FDECB28339F7A00748D13 /* DisplayNameTableViewCell.swift in Sources */ = {isa = PBXBuildFile; fileRef = B72FDEC928339F7A00748D13 /* DisplayNameTableViewCell.swift */; };
		B72FDECC28339F7A00748D13 /* DisplayNameTableViewCell.xib in Resources */ = {isa = PBXBuildFile; fileRef = B72FDECA28339F7A00748D13 /* DisplayNameTableViewCell.xib */; };
		B72FDECE28339FC500748D13 /* WalletViewModel.swift in Sources */ = {isa = PBXBuildFile; fileRef = B72FDECD28339FC500748D13 /* WalletViewModel.swift */; };
		B72FDED12833A48600748D13 /* BalanceTableViewCell.swift in Sources */ = {isa = PBXBuildFile; fileRef = B72FDECF2833A48600748D13 /* BalanceTableViewCell.swift */; };
		B72FDED22833A48600748D13 /* BalanceTableViewCell.xib in Resources */ = {isa = PBXBuildFile; fileRef = B72FDED02833A48600748D13 /* BalanceTableViewCell.xib */; };
		B72FDED52833B38200748D13 /* TransactionTableViewCell.swift in Sources */ = {isa = PBXBuildFile; fileRef = B72FDED32833B38200748D13 /* TransactionTableViewCell.swift */; };
		B72FDED62833B38200748D13 /* TransactionTableViewCell.xib in Resources */ = {isa = PBXBuildFile; fileRef = B72FDED42833B38200748D13 /* TransactionTableViewCell.xib */; };
		B72FDED92833B6E000748D13 /* BannerTableViewCell.swift in Sources */ = {isa = PBXBuildFile; fileRef = B72FDED72833B6E000748D13 /* BannerTableViewCell.swift */; };
		B72FDEDA2833B6E000748D13 /* BannerTableViewCell.xib in Resources */ = {isa = PBXBuildFile; fileRef = B72FDED82833B6E000748D13 /* BannerTableViewCell.xib */; };
		B72FDEDD2833BA9300748D13 /* WalletNoDataTableViewCell.swift in Sources */ = {isa = PBXBuildFile; fileRef = B72FDEDB2833BA9300748D13 /* WalletNoDataTableViewCell.swift */; };
		B72FDEDE2833BA9300748D13 /* WalletNoDataTableViewCell.xib in Resources */ = {isa = PBXBuildFile; fileRef = B72FDEDC2833BA9300748D13 /* WalletNoDataTableViewCell.xib */; };
		B72FDEE12833BE6F00748D13 /* WalletHistoryHeaderTableViewCell.swift in Sources */ = {isa = PBXBuildFile; fileRef = B72FDEDF2833BE6E00748D13 /* WalletHistoryHeaderTableViewCell.swift */; };
		B72FDEE22833BE6F00748D13 /* WalletHistoryHeaderTableViewCell.xib in Resources */ = {isa = PBXBuildFile; fileRef = B72FDEE02833BE6F00748D13 /* WalletHistoryHeaderTableViewCell.xib */; };
		B72FDEE42833BF6700748D13 /* Component.framework in Frameworks */ = {isa = PBXBuildFile; fileRef = B72FDEE32833BF6700748D13 /* Component.framework */; };
		B72FDEE92833C38500748D13 /* SelectPageViewController.swift in Sources */ = {isa = PBXBuildFile; fileRef = B72FDEE72833C38500748D13 /* SelectPageViewController.swift */; };
		B72FDEF12833C47F00748D13 /* SelectPageTableViewCell.swift in Sources */ = {isa = PBXBuildFile; fileRef = B72FDEEF2833C47F00748D13 /* SelectPageTableViewCell.swift */; };
		B72FDEF22833C47F00748D13 /* SelectPageTableViewCell.xib in Resources */ = {isa = PBXBuildFile; fileRef = B72FDEF02833C47F00748D13 /* SelectPageTableViewCell.xib */; };
		B72FDEF42833C4F800748D13 /* SelectPageViewModel.swift in Sources */ = {isa = PBXBuildFile; fileRef = B72FDEF32833C4F800748D13 /* SelectPageViewModel.swift */; };
		B73D980E286E001600D6ECA8 /* SendReviewViewController.swift in Sources */ = {isa = PBXBuildFile; fileRef = B73D980D286E001600D6ECA8 /* SendReviewViewController.swift */; };
		B73D9810286E003C00D6ECA8 /* SendAuthViewController.swift in Sources */ = {isa = PBXBuildFile; fileRef = B73D980F286E003C00D6ECA8 /* SendAuthViewController.swift */; };
		B73D9813286E054700D6ECA8 /* ReviewSendTableViewCell.swift in Sources */ = {isa = PBXBuildFile; fileRef = B73D9811286E054700D6ECA8 /* ReviewSendTableViewCell.swift */; };
		B73D9814286E054700D6ECA8 /* ReviewSendTableViewCell.xib in Resources */ = {isa = PBXBuildFile; fileRef = B73D9812286E054700D6ECA8 /* ReviewSendTableViewCell.xib */; };
		B73D9817286E056800D6ECA8 /* ReviewDataTableViewCell.swift in Sources */ = {isa = PBXBuildFile; fileRef = B73D9815286E056800D6ECA8 /* ReviewDataTableViewCell.swift */; };
		B73D9818286E056800D6ECA8 /* ReviewDataTableViewCell.xib in Resources */ = {isa = PBXBuildFile; fileRef = B73D9816286E056800D6ECA8 /* ReviewDataTableViewCell.xib */; };
		B73D981B286E0B0B00D6ECA8 /* SendConfiemTableViewCell.swift in Sources */ = {isa = PBXBuildFile; fileRef = B73D9819286E0B0B00D6ECA8 /* SendConfiemTableViewCell.swift */; };
		B73D981C286E0B0B00D6ECA8 /* SendConfiemTableViewCell.xib in Resources */ = {isa = PBXBuildFile; fileRef = B73D981A286E0B0B00D6ECA8 /* SendConfiemTableViewCell.xib */; };
		B73D981F286E0F3900D6ECA8 /* SendVerifyTableViewCell.swift in Sources */ = {isa = PBXBuildFile; fileRef = B73D981D286E0F3900D6ECA8 /* SendVerifyTableViewCell.swift */; };
		B73D9820286E0F3900D6ECA8 /* SendVerifyTableViewCell.xib in Resources */ = {isa = PBXBuildFile; fileRef = B73D981E286E0F3900D6ECA8 /* SendVerifyTableViewCell.xib */; };
		B744AC342877E78100378924 /* SendWalletViewModel.swift in Sources */ = {isa = PBXBuildFile; fileRef = B744AC332877E78100378924 /* SendWalletViewModel.swift */; };
		B744AC38287809D800378924 /* ManageShortcutsViewController.swift in Sources */ = {isa = PBXBuildFile; fileRef = B744AC37287809D800378924 /* ManageShortcutsViewController.swift */; };
		B744AC3B2878190300378924 /* ManageShortcutHeaderTableViewCell.swift in Sources */ = {isa = PBXBuildFile; fileRef = B744AC392878190300378924 /* ManageShortcutHeaderTableViewCell.swift */; };
		B744AC3C2878190300378924 /* ManageShortcutHeaderTableViewCell.xib in Resources */ = {isa = PBXBuildFile; fileRef = B744AC3A2878190300378924 /* ManageShortcutHeaderTableViewCell.xib */; };
		B744AC3E28781A2C00378924 /* ManageShortcutsViewModel.swift in Sources */ = {isa = PBXBuildFile; fileRef = B744AC3D28781A2C00378924 /* ManageShortcutsViewModel.swift */; };
		B7471236287A7C8B00C3C7EE /* ShortcutTableViewCell.swift in Sources */ = {isa = PBXBuildFile; fileRef = B7471234287A7C8B00C3C7EE /* ShortcutTableViewCell.swift */; };
		B7471237287A7C8B00C3C7EE /* ShortcutTableViewCell.xib in Resources */ = {isa = PBXBuildFile; fileRef = B7471235287A7C8B00C3C7EE /* ShortcutTableViewCell.xib */; };
		B7471239287A816D00C3C7EE /* CreateShortcutViewController.swift in Sources */ = {isa = PBXBuildFile; fileRef = B7471238287A816D00C3C7EE /* CreateShortcutViewController.swift */; };
		B747123C287A835600C3C7EE /* CreateShortcutTableViewCell.swift in Sources */ = {isa = PBXBuildFile; fileRef = B747123A287A835600C3C7EE /* CreateShortcutTableViewCell.swift */; };
		B747123D287A835600C3C7EE /* CreateShortcutTableViewCell.xib in Resources */ = {isa = PBXBuildFile; fileRef = B747123B287A835600C3C7EE /* CreateShortcutTableViewCell.xib */; };
		B7476E7F2847681C00331614 /* SelectNetworkViewController.swift in Sources */ = {isa = PBXBuildFile; fileRef = B7476E7E2847681C00331614 /* SelectNetworkViewController.swift */; };
		B7476E8228476A7C00331614 /* SelectNetworkTableViewCell.swift in Sources */ = {isa = PBXBuildFile; fileRef = B7476E8028476A7C00331614 /* SelectNetworkTableViewCell.swift */; };
		B7476E8328476A7C00331614 /* SelectNetworkTableViewCell.xib in Resources */ = {isa = PBXBuildFile; fileRef = B7476E8128476A7C00331614 /* SelectNetworkTableViewCell.xib */; };
		B767A7622845CD0200E4381F /* OtherChainViewController.swift in Sources */ = {isa = PBXBuildFile; fileRef = B767A7612845CD0200E4381F /* OtherChainViewController.swift */; };
		B767A7652845CE2C00E4381F /* OtherChainTableViewCell.swift in Sources */ = {isa = PBXBuildFile; fileRef = B767A7632845CE2C00E4381F /* OtherChainTableViewCell.swift */; };
		B767A7662845CE2C00E4381F /* OtherChainTableViewCell.xib in Resources */ = {isa = PBXBuildFile; fileRef = B767A7642845CE2C00E4381F /* OtherChainTableViewCell.xib */; };
		B767A7692845CE3F00E4381F /* MemoTableViewCell.swift in Sources */ = {isa = PBXBuildFile; fileRef = B767A7672845CE3F00E4381F /* MemoTableViewCell.swift */; };
		B767A76A2845CE3F00E4381F /* MemoTableViewCell.xib in Resources */ = {isa = PBXBuildFile; fileRef = B767A7682845CE3F00E4381F /* MemoTableViewCell.xib */; };
		B767A76C2845D8E200E4381F /* OtherChainQRCode.xib in Resources */ = {isa = PBXBuildFile; fileRef = B767A76B2845D8E200E4381F /* OtherChainQRCode.xib */; };
		B767A76E2845D90A00E4381F /* OtherChainQRCode.swift in Sources */ = {isa = PBXBuildFile; fileRef = B767A76D2845D90A00E4381F /* OtherChainQRCode.swift */; };
		B792AA30286C3DC500014352 /* SendWalletViewController.swift in Sources */ = {isa = PBXBuildFile; fileRef = B792AA2F286C3DC500014352 /* SendWalletViewController.swift */; };
		B792AA34286C455700014352 /* SendShortcutTableViewCell.swift in Sources */ = {isa = PBXBuildFile; fileRef = B792AA32286C455700014352 /* SendShortcutTableViewCell.swift */; };
		B792AA35286C455700014352 /* SendShortcutTableViewCell.xib in Resources */ = {isa = PBXBuildFile; fileRef = B792AA33286C455700014352 /* SendShortcutTableViewCell.xib */; };
		B7963481286E3A42003F2E9C /* ResendViewController.swift in Sources */ = {isa = PBXBuildFile; fileRef = B7963480286E3A42003F2E9C /* ResendViewController.swift */; };
		B7963485286E40D5003F2E9C /* ResendUserTableViewCell.swift in Sources */ = {isa = PBXBuildFile; fileRef = B7963483286E40D5003F2E9C /* ResendUserTableViewCell.swift */; };
		B7963486286E40D5003F2E9C /* ResendUserTableViewCell.xib in Resources */ = {isa = PBXBuildFile; fileRef = B7963484286E40D5003F2E9C /* ResendUserTableViewCell.xib */; };
		B7963489286E480C003F2E9C /* ResendOtherTableViewCell.swift in Sources */ = {isa = PBXBuildFile; fileRef = B7963487286E480C003F2E9C /* ResendOtherTableViewCell.swift */; };
		B796348A286E480C003F2E9C /* ResendOtherTableViewCell.xib in Resources */ = {isa = PBXBuildFile; fileRef = B7963488286E480C003F2E9C /* ResendOtherTableViewCell.xib */; };
		B796348D286E4BA9003F2E9C /* ViewMoreTableViewCell.swift in Sources */ = {isa = PBXBuildFile; fileRef = B796348B286E4BA9003F2E9C /* ViewMoreTableViewCell.swift */; };
		B796348E286E4BA9003F2E9C /* ViewMoreTableViewCell.xib in Resources */ = {isa = PBXBuildFile; fileRef = B796348C286E4BA9003F2E9C /* ViewMoreTableViewCell.xib */; };
		B7963491286E4EB3003F2E9C /* EmptyDataTableViewCell.swift in Sources */ = {isa = PBXBuildFile; fileRef = B796348F286E4EB3003F2E9C /* EmptyDataTableViewCell.swift */; };
		B7963492286E4EB3003F2E9C /* EmptyDataTableViewCell.xib in Resources */ = {isa = PBXBuildFile; fileRef = B7963490286E4EB3003F2E9C /* EmptyDataTableViewCell.xib */; };
		B7A5B539286E222D00FB92D1 /* WalletVerifyAccountViewController.swift in Sources */ = {isa = PBXBuildFile; fileRef = B7A5B538286E222D00FB92D1 /* WalletVerifyAccountViewController.swift */; };
		B7A5B53B286E239E00FB92D1 /* WalletVerifyAccountViewModel.swift in Sources */ = {isa = PBXBuildFile; fileRef = B7A5B53A286E239D00FB92D1 /* WalletVerifyAccountViewModel.swift */; };
		B7A5B53E286E28CE00FB92D1 /* VerifyAccountTableViewCell.swift in Sources */ = {isa = PBXBuildFile; fileRef = B7A5B53C286E28CE00FB92D1 /* VerifyAccountTableViewCell.swift */; };
		B7A5B53F286E28CE00FB92D1 /* VerifyAccountTableViewCell.xib in Resources */ = {isa = PBXBuildFile; fileRef = B7A5B53D286E28CE00FB92D1 /* VerifyAccountTableViewCell.xib */; };
		B7A5B542286E2DEE00FB92D1 /* NoticeTableViewCell.swift in Sources */ = {isa = PBXBuildFile; fileRef = B7A5B540286E2DEB00FB92D1 /* NoticeTableViewCell.swift */; };
		B7A5B543286E2DEE00FB92D1 /* NoticeTableViewCell.xib in Resources */ = {isa = PBXBuildFile; fileRef = B7A5B541286E2DEC00FB92D1 /* NoticeTableViewCell.xib */; };
		B7F0D318282B5C9900BA9764 /* Wallet.h in Headers */ = {isa = PBXBuildFile; fileRef = B7F0D317282B5C9900BA9764 /* Wallet.h */; settings = {ATTRIBUTES = (Public, ); }; };
		B7F0D327282B5FAF00BA9764 /* Core.framework in Frameworks */ = {isa = PBXBuildFile; fileRef = B7F0D326282B5FAE00BA9764 /* Core.framework */; };
		B7F0D32B282B5FB600BA9764 /* Networking.framework in Frameworks */ = {isa = PBXBuildFile; fileRef = B7F0D32A282B5FB600BA9764 /* Networking.framework */; };
		B9F4004DD1EC4A26E8B498C0 /* Pods_Wallet.framework in Frameworks */ = {isa = PBXBuildFile; fileRef = 8E1FF3686C48A8E2C8323EBD /* Pods_Wallet.framework */; };
/* End PBXBuildFile section */

/* Begin PBXFileReference section */
		4602FC09330EBB6482E931AD /* Pods-Wallet.debug (production).xcconfig */ = {isa = PBXFileReference; includeInIndex = 1; lastKnownFileType = text.xcconfig; name = "Pods-Wallet.debug (production).xcconfig"; path = "Target Support Files/Pods-Wallet/Pods-Wallet.debug (production).xcconfig"; sourceTree = "<group>"; };
		5CF98271FD3212A4F425C8BC /* Pods-Wallet.debug (staging).xcconfig */ = {isa = PBXFileReference; includeInIndex = 1; lastKnownFileType = text.xcconfig; name = "Pods-Wallet.debug (staging).xcconfig"; path = "Target Support Files/Pods-Wallet/Pods-Wallet.debug (staging).xcconfig"; sourceTree = "<group>"; };
		88876F152D760CD4DD4E39F6 /* Pods-Wallet.release (production).xcconfig */ = {isa = PBXFileReference; includeInIndex = 1; lastKnownFileType = text.xcconfig; name = "Pods-Wallet.release (production).xcconfig"; path = "Target Support Files/Pods-Wallet/Pods-Wallet.release (production).xcconfig"; sourceTree = "<group>"; };
		8E1FF3686C48A8E2C8323EBD /* Pods_Wallet.framework */ = {isa = PBXFileReference; explicitFileType = wrapper.framework; includeInIndex = 0; path = Pods_Wallet.framework; sourceTree = BUILT_PRODUCTS_DIR; };
		A9657DB77AD00DE85F92BE87 /* Pods-Wallet.release (staging).xcconfig */ = {isa = PBXFileReference; includeInIndex = 1; lastKnownFileType = text.xcconfig; name = "Pods-Wallet.release (staging).xcconfig"; path = "Target Support Files/Pods-Wallet/Pods-Wallet.release (staging).xcconfig"; sourceTree = "<group>"; };
		B64023A181614786618CCA62 /* Pods-Wallet.release (development).xcconfig */ = {isa = PBXFileReference; includeInIndex = 1; lastKnownFileType = text.xcconfig; name = "Pods-Wallet.release (development).xcconfig"; path = "Target Support Files/Pods-Wallet/Pods-Wallet.release (development).xcconfig"; sourceTree = "<group>"; };
		B7031552286D86940070493B /* ShortcutCollectionViewCell.swift */ = {isa = PBXFileReference; lastKnownFileType = sourcecode.swift; path = ShortcutCollectionViewCell.swift; sourceTree = "<group>"; };
		B7031553286D86940070493B /* ShortcutCollectionViewCell.xib */ = {isa = PBXFileReference; lastKnownFileType = file.xib; path = ShortcutCollectionViewCell.xib; sourceTree = "<group>"; };
		B7031556286D9A2A0070493B /* SendToTableViewCell.swift */ = {isa = PBXFileReference; lastKnownFileType = sourcecode.swift; path = SendToTableViewCell.swift; sourceTree = "<group>"; };
		B7031557286D9A2A0070493B /* SendToTableViewCell.xib */ = {isa = PBXFileReference; lastKnownFileType = file.xib; path = SendToTableViewCell.xib; sourceTree = "<group>"; };
		B7117027283B836500FF985A /* MyQRCode.xib */ = {isa = PBXFileReference; lastKnownFileType = file.xib; path = MyQRCode.xib; sourceTree = "<group>"; };
		B7117029283B846900FF985A /* MyQRCode.swift */ = {isa = PBXFileReference; lastKnownFileType = sourcecode.swift; path = MyQRCode.swift; sourceTree = "<group>"; };
		B71170562840AD7700FF985A /* ScanQrCodeViewController.swift */ = {isa = PBXFileReference; lastKnownFileType = sourcecode.swift; path = ScanQrCodeViewController.swift; sourceTree = "<group>"; };
		B727FDF42851ECD100BA50C7 /* CastcleQrCodeViewModel.swift */ = {isa = PBXFileReference; lastKnownFileType = sourcecode.swift; path = CastcleQrCodeViewModel.swift; sourceTree = "<group>"; };
		B728FE542844ACCC00CF03DA /* MyQrCodeViewController.swift */ = {isa = PBXFileReference; lastKnownFileType = sourcecode.swift; path = MyQrCodeViewController.swift; sourceTree = "<group>"; };
		B728FE562844AD9C00CF03DA /* CastcleQrCodeViewController.swift */ = {isa = PBXFileReference; lastKnownFileType = sourcecode.swift; path = CastcleQrCodeViewController.swift; sourceTree = "<group>"; };
		B728FE5A2844B17C00CF03DA /* CastcleQrCodeTableViewCell.swift */ = {isa = PBXFileReference; lastKnownFileType = sourcecode.swift; path = CastcleQrCodeTableViewCell.swift; sourceTree = "<group>"; };
		B728FE5B2844B17C00CF03DA /* CastcleQrCodeTableViewCell.xib */ = {isa = PBXFileReference; lastKnownFileType = file.xib; path = CastcleQrCodeTableViewCell.xib; sourceTree = "<group>"; };
		B72FDEB32833978A00748D13 /* Wallet.storyboard */ = {isa = PBXFileReference; lastKnownFileType = file.storyboard; path = Wallet.storyboard; sourceTree = "<group>"; };
		B72FDEBA2833986100748D13 /* WalletViewController.swift */ = {isa = PBXFileReference; lastKnownFileType = sourcecode.swift; path = WalletViewController.swift; sourceTree = "<group>"; };
		B72FDEBC2833989C00748D13 /* WalletNibVars.swift */ = {isa = PBXFileReference; lastKnownFileType = sourcecode.swift; path = WalletNibVars.swift; sourceTree = "<group>"; };
		B72FDEBE283398B300748D13 /* WalletOpener.swift */ = {isa = PBXFileReference; lastKnownFileType = sourcecode.swift; path = WalletOpener.swift; sourceTree = "<group>"; };
		B72FDEC728339F5700748D13 /* Assets.xcassets */ = {isa = PBXFileReference; lastKnownFileType = folder.assetcatalog; path = Assets.xcassets; sourceTree = "<group>"; };
		B72FDEC928339F7A00748D13 /* DisplayNameTableViewCell.swift */ = {isa = PBXFileReference; lastKnownFileType = sourcecode.swift; path = DisplayNameTableViewCell.swift; sourceTree = "<group>"; };
		B72FDECA28339F7A00748D13 /* DisplayNameTableViewCell.xib */ = {isa = PBXFileReference; lastKnownFileType = file.xib; path = DisplayNameTableViewCell.xib; sourceTree = "<group>"; };
		B72FDECD28339FC500748D13 /* WalletViewModel.swift */ = {isa = PBXFileReference; lastKnownFileType = sourcecode.swift; path = WalletViewModel.swift; sourceTree = "<group>"; };
		B72FDECF2833A48600748D13 /* BalanceTableViewCell.swift */ = {isa = PBXFileReference; lastKnownFileType = sourcecode.swift; path = BalanceTableViewCell.swift; sourceTree = "<group>"; };
		B72FDED02833A48600748D13 /* BalanceTableViewCell.xib */ = {isa = PBXFileReference; lastKnownFileType = file.xib; path = BalanceTableViewCell.xib; sourceTree = "<group>"; };
		B72FDED32833B38200748D13 /* TransactionTableViewCell.swift */ = {isa = PBXFileReference; lastKnownFileType = sourcecode.swift; path = TransactionTableViewCell.swift; sourceTree = "<group>"; };
		B72FDED42833B38200748D13 /* TransactionTableViewCell.xib */ = {isa = PBXFileReference; lastKnownFileType = file.xib; path = TransactionTableViewCell.xib; sourceTree = "<group>"; };
		B72FDED72833B6E000748D13 /* BannerTableViewCell.swift */ = {isa = PBXFileReference; lastKnownFileType = sourcecode.swift; path = BannerTableViewCell.swift; sourceTree = "<group>"; };
		B72FDED82833B6E000748D13 /* BannerTableViewCell.xib */ = {isa = PBXFileReference; lastKnownFileType = file.xib; path = BannerTableViewCell.xib; sourceTree = "<group>"; };
		B72FDEDB2833BA9300748D13 /* WalletNoDataTableViewCell.swift */ = {isa = PBXFileReference; lastKnownFileType = sourcecode.swift; path = WalletNoDataTableViewCell.swift; sourceTree = "<group>"; };
		B72FDEDC2833BA9300748D13 /* WalletNoDataTableViewCell.xib */ = {isa = PBXFileReference; lastKnownFileType = file.xib; path = WalletNoDataTableViewCell.xib; sourceTree = "<group>"; };
		B72FDEDF2833BE6E00748D13 /* WalletHistoryHeaderTableViewCell.swift */ = {isa = PBXFileReference; lastKnownFileType = sourcecode.swift; path = WalletHistoryHeaderTableViewCell.swift; sourceTree = "<group>"; };
		B72FDEE02833BE6F00748D13 /* WalletHistoryHeaderTableViewCell.xib */ = {isa = PBXFileReference; lastKnownFileType = file.xib; path = WalletHistoryHeaderTableViewCell.xib; sourceTree = "<group>"; };
		B72FDEE32833BF6700748D13 /* Component.framework */ = {isa = PBXFileReference; explicitFileType = wrapper.framework; path = Component.framework; sourceTree = BUILT_PRODUCTS_DIR; };
		B72FDEE72833C38500748D13 /* SelectPageViewController.swift */ = {isa = PBXFileReference; lastKnownFileType = sourcecode.swift; path = SelectPageViewController.swift; sourceTree = "<group>"; };
		B72FDEEF2833C47F00748D13 /* SelectPageTableViewCell.swift */ = {isa = PBXFileReference; lastKnownFileType = sourcecode.swift; path = SelectPageTableViewCell.swift; sourceTree = "<group>"; };
		B72FDEF02833C47F00748D13 /* SelectPageTableViewCell.xib */ = {isa = PBXFileReference; lastKnownFileType = file.xib; path = SelectPageTableViewCell.xib; sourceTree = "<group>"; };
		B72FDEF32833C4F800748D13 /* SelectPageViewModel.swift */ = {isa = PBXFileReference; lastKnownFileType = sourcecode.swift; path = SelectPageViewModel.swift; sourceTree = "<group>"; };
		B73D980D286E001600D6ECA8 /* SendReviewViewController.swift */ = {isa = PBXFileReference; lastKnownFileType = sourcecode.swift; path = SendReviewViewController.swift; sourceTree = "<group>"; };
		B73D980F286E003C00D6ECA8 /* SendAuthViewController.swift */ = {isa = PBXFileReference; lastKnownFileType = sourcecode.swift; path = SendAuthViewController.swift; sourceTree = "<group>"; };
		B73D9811286E054700D6ECA8 /* ReviewSendTableViewCell.swift */ = {isa = PBXFileReference; lastKnownFileType = sourcecode.swift; path = ReviewSendTableViewCell.swift; sourceTree = "<group>"; };
		B73D9812286E054700D6ECA8 /* ReviewSendTableViewCell.xib */ = {isa = PBXFileReference; lastKnownFileType = file.xib; path = ReviewSendTableViewCell.xib; sourceTree = "<group>"; };
		B73D9815286E056800D6ECA8 /* ReviewDataTableViewCell.swift */ = {isa = PBXFileReference; lastKnownFileType = sourcecode.swift; path = ReviewDataTableViewCell.swift; sourceTree = "<group>"; };
		B73D9816286E056800D6ECA8 /* ReviewDataTableViewCell.xib */ = {isa = PBXFileReference; lastKnownFileType = file.xib; path = ReviewDataTableViewCell.xib; sourceTree = "<group>"; };
		B73D9819286E0B0B00D6ECA8 /* SendConfiemTableViewCell.swift */ = {isa = PBXFileReference; lastKnownFileType = sourcecode.swift; path = SendConfiemTableViewCell.swift; sourceTree = "<group>"; };
		B73D981A286E0B0B00D6ECA8 /* SendConfiemTableViewCell.xib */ = {isa = PBXFileReference; lastKnownFileType = file.xib; path = SendConfiemTableViewCell.xib; sourceTree = "<group>"; };
		B73D981D286E0F3900D6ECA8 /* SendVerifyTableViewCell.swift */ = {isa = PBXFileReference; lastKnownFileType = sourcecode.swift; path = SendVerifyTableViewCell.swift; sourceTree = "<group>"; };
		B73D981E286E0F3900D6ECA8 /* SendVerifyTableViewCell.xib */ = {isa = PBXFileReference; lastKnownFileType = file.xib; path = SendVerifyTableViewCell.xib; sourceTree = "<group>"; };
		B744AC332877E78100378924 /* SendWalletViewModel.swift */ = {isa = PBXFileReference; lastKnownFileType = sourcecode.swift; path = SendWalletViewModel.swift; sourceTree = "<group>"; };
		B744AC37287809D800378924 /* ManageShortcutsViewController.swift */ = {isa = PBXFileReference; lastKnownFileType = sourcecode.swift; path = ManageShortcutsViewController.swift; sourceTree = "<group>"; };
		B744AC392878190300378924 /* ManageShortcutHeaderTableViewCell.swift */ = {isa = PBXFileReference; lastKnownFileType = sourcecode.swift; path = ManageShortcutHeaderTableViewCell.swift; sourceTree = "<group>"; };
		B744AC3A2878190300378924 /* ManageShortcutHeaderTableViewCell.xib */ = {isa = PBXFileReference; lastKnownFileType = file.xib; path = ManageShortcutHeaderTableViewCell.xib; sourceTree = "<group>"; };
		B744AC3D28781A2C00378924 /* ManageShortcutsViewModel.swift */ = {isa = PBXFileReference; lastKnownFileType = sourcecode.swift; path = ManageShortcutsViewModel.swift; sourceTree = "<group>"; };
		B7471234287A7C8B00C3C7EE /* ShortcutTableViewCell.swift */ = {isa = PBXFileReference; lastKnownFileType = sourcecode.swift; path = ShortcutTableViewCell.swift; sourceTree = "<group>"; };
		B7471235287A7C8B00C3C7EE /* ShortcutTableViewCell.xib */ = {isa = PBXFileReference; lastKnownFileType = file.xib; path = ShortcutTableViewCell.xib; sourceTree = "<group>"; };
		B7471238287A816D00C3C7EE /* CreateShortcutViewController.swift */ = {isa = PBXFileReference; lastKnownFileType = sourcecode.swift; path = CreateShortcutViewController.swift; sourceTree = "<group>"; };
		B747123A287A835600C3C7EE /* CreateShortcutTableViewCell.swift */ = {isa = PBXFileReference; lastKnownFileType = sourcecode.swift; path = CreateShortcutTableViewCell.swift; sourceTree = "<group>"; };
		B747123B287A835600C3C7EE /* CreateShortcutTableViewCell.xib */ = {isa = PBXFileReference; lastKnownFileType = file.xib; path = CreateShortcutTableViewCell.xib; sourceTree = "<group>"; };
		B7476E7E2847681C00331614 /* SelectNetworkViewController.swift */ = {isa = PBXFileReference; lastKnownFileType = sourcecode.swift; path = SelectNetworkViewController.swift; sourceTree = "<group>"; };
		B7476E8028476A7C00331614 /* SelectNetworkTableViewCell.swift */ = {isa = PBXFileReference; lastKnownFileType = sourcecode.swift; path = SelectNetworkTableViewCell.swift; sourceTree = "<group>"; };
		B7476E8128476A7C00331614 /* SelectNetworkTableViewCell.xib */ = {isa = PBXFileReference; lastKnownFileType = file.xib; path = SelectNetworkTableViewCell.xib; sourceTree = "<group>"; };
		B767A7612845CD0200E4381F /* OtherChainViewController.swift */ = {isa = PBXFileReference; lastKnownFileType = sourcecode.swift; path = OtherChainViewController.swift; sourceTree = "<group>"; };
		B767A7632845CE2C00E4381F /* OtherChainTableViewCell.swift */ = {isa = PBXFileReference; lastKnownFileType = sourcecode.swift; path = OtherChainTableViewCell.swift; sourceTree = "<group>"; };
		B767A7642845CE2C00E4381F /* OtherChainTableViewCell.xib */ = {isa = PBXFileReference; lastKnownFileType = file.xib; path = OtherChainTableViewCell.xib; sourceTree = "<group>"; };
		B767A7672845CE3F00E4381F /* MemoTableViewCell.swift */ = {isa = PBXFileReference; lastKnownFileType = sourcecode.swift; path = MemoTableViewCell.swift; sourceTree = "<group>"; };
		B767A7682845CE3F00E4381F /* MemoTableViewCell.xib */ = {isa = PBXFileReference; lastKnownFileType = file.xib; path = MemoTableViewCell.xib; sourceTree = "<group>"; };
		B767A76B2845D8E200E4381F /* OtherChainQRCode.xib */ = {isa = PBXFileReference; lastKnownFileType = file.xib; path = OtherChainQRCode.xib; sourceTree = "<group>"; };
		B767A76D2845D90A00E4381F /* OtherChainQRCode.swift */ = {isa = PBXFileReference; lastKnownFileType = sourcecode.swift; path = OtherChainQRCode.swift; sourceTree = "<group>"; };
		B792AA2F286C3DC500014352 /* SendWalletViewController.swift */ = {isa = PBXFileReference; lastKnownFileType = sourcecode.swift; path = SendWalletViewController.swift; sourceTree = "<group>"; };
		B792AA32286C455700014352 /* SendShortcutTableViewCell.swift */ = {isa = PBXFileReference; lastKnownFileType = sourcecode.swift; path = SendShortcutTableViewCell.swift; sourceTree = "<group>"; };
		B792AA33286C455700014352 /* SendShortcutTableViewCell.xib */ = {isa = PBXFileReference; lastKnownFileType = file.xib; path = SendShortcutTableViewCell.xib; sourceTree = "<group>"; };
		B7963480286E3A42003F2E9C /* ResendViewController.swift */ = {isa = PBXFileReference; lastKnownFileType = sourcecode.swift; path = ResendViewController.swift; sourceTree = "<group>"; };
		B7963483286E40D5003F2E9C /* ResendUserTableViewCell.swift */ = {isa = PBXFileReference; lastKnownFileType = sourcecode.swift; path = ResendUserTableViewCell.swift; sourceTree = "<group>"; };
		B7963484286E40D5003F2E9C /* ResendUserTableViewCell.xib */ = {isa = PBXFileReference; lastKnownFileType = file.xib; path = ResendUserTableViewCell.xib; sourceTree = "<group>"; };
		B7963487286E480C003F2E9C /* ResendOtherTableViewCell.swift */ = {isa = PBXFileReference; lastKnownFileType = sourcecode.swift; path = ResendOtherTableViewCell.swift; sourceTree = "<group>"; };
		B7963488286E480C003F2E9C /* ResendOtherTableViewCell.xib */ = {isa = PBXFileReference; lastKnownFileType = file.xib; path = ResendOtherTableViewCell.xib; sourceTree = "<group>"; };
		B796348B286E4BA9003F2E9C /* ViewMoreTableViewCell.swift */ = {isa = PBXFileReference; lastKnownFileType = sourcecode.swift; path = ViewMoreTableViewCell.swift; sourceTree = "<group>"; };
		B796348C286E4BA9003F2E9C /* ViewMoreTableViewCell.xib */ = {isa = PBXFileReference; lastKnownFileType = file.xib; path = ViewMoreTableViewCell.xib; sourceTree = "<group>"; };
		B796348F286E4EB3003F2E9C /* EmptyDataTableViewCell.swift */ = {isa = PBXFileReference; lastKnownFileType = sourcecode.swift; path = EmptyDataTableViewCell.swift; sourceTree = "<group>"; };
		B7963490286E4EB3003F2E9C /* EmptyDataTableViewCell.xib */ = {isa = PBXFileReference; lastKnownFileType = file.xib; path = EmptyDataTableViewCell.xib; sourceTree = "<group>"; };
		B7A5B538286E222D00FB92D1 /* WalletVerifyAccountViewController.swift */ = {isa = PBXFileReference; lastKnownFileType = sourcecode.swift; path = WalletVerifyAccountViewController.swift; sourceTree = "<group>"; };
		B7A5B53A286E239D00FB92D1 /* WalletVerifyAccountViewModel.swift */ = {isa = PBXFileReference; lastKnownFileType = sourcecode.swift; path = WalletVerifyAccountViewModel.swift; sourceTree = "<group>"; };
		B7A5B53C286E28CE00FB92D1 /* VerifyAccountTableViewCell.swift */ = {isa = PBXFileReference; lastKnownFileType = sourcecode.swift; path = VerifyAccountTableViewCell.swift; sourceTree = "<group>"; };
		B7A5B53D286E28CE00FB92D1 /* VerifyAccountTableViewCell.xib */ = {isa = PBXFileReference; lastKnownFileType = file.xib; path = VerifyAccountTableViewCell.xib; sourceTree = "<group>"; };
		B7A5B540286E2DEB00FB92D1 /* NoticeTableViewCell.swift */ = {isa = PBXFileReference; lastKnownFileType = sourcecode.swift; path = NoticeTableViewCell.swift; sourceTree = "<group>"; };
		B7A5B541286E2DEC00FB92D1 /* NoticeTableViewCell.xib */ = {isa = PBXFileReference; lastKnownFileType = file.xib; path = NoticeTableViewCell.xib; sourceTree = "<group>"; };
		B7F0D314282B5C9900BA9764 /* Wallet.framework */ = {isa = PBXFileReference; explicitFileType = wrapper.framework; includeInIndex = 0; path = Wallet.framework; sourceTree = BUILT_PRODUCTS_DIR; };
		B7F0D317282B5C9900BA9764 /* Wallet.h */ = {isa = PBXFileReference; lastKnownFileType = sourcecode.c.h; path = Wallet.h; sourceTree = "<group>"; };
		B7F0D326282B5FAE00BA9764 /* Core.framework */ = {isa = PBXFileReference; explicitFileType = wrapper.framework; path = Core.framework; sourceTree = BUILT_PRODUCTS_DIR; };
		B7F0D32A282B5FB600BA9764 /* Networking.framework */ = {isa = PBXFileReference; explicitFileType = wrapper.framework; path = Networking.framework; sourceTree = BUILT_PRODUCTS_DIR; };
		C895B30D8776736F07008395 /* Pods-Wallet.debug (development).xcconfig */ = {isa = PBXFileReference; includeInIndex = 1; lastKnownFileType = text.xcconfig; name = "Pods-Wallet.debug (development).xcconfig"; path = "Target Support Files/Pods-Wallet/Pods-Wallet.debug (development).xcconfig"; sourceTree = "<group>"; };
/* End PBXFileReference section */

/* Begin PBXFrameworksBuildPhase section */
		B7F0D311282B5C9900BA9764 /* Frameworks */ = {
			isa = PBXFrameworksBuildPhase;
			buildActionMask = 2147483647;
			files = (
				B9F4004DD1EC4A26E8B498C0 /* Pods_Wallet.framework in Frameworks */,
				B7F0D327282B5FAF00BA9764 /* Core.framework in Frameworks */,
				B72FDEE42833BF6700748D13 /* Component.framework in Frameworks */,
				B7F0D32B282B5FB600BA9764 /* Networking.framework in Frameworks */,
			);
			runOnlyForDeploymentPostprocessing = 0;
		};
/* End PBXFrameworksBuildPhase section */

/* Begin PBXGroup section */
		8D154AA23B15205E1FBD6680 /* Frameworks */ = {
			isa = PBXGroup;
			children = (
				B72FDEE32833BF6700748D13 /* Component.framework */,
				B7F0D32A282B5FB600BA9764 /* Networking.framework */,
				B7F0D326282B5FAE00BA9764 /* Core.framework */,
				8E1FF3686C48A8E2C8323EBD /* Pods_Wallet.framework */,
			);
			name = Frameworks;
			sourceTree = "<group>";
		};
		9AD917B24C319A293EB83764 /* Pods */ = {
			isa = PBXGroup;
			children = (
				4602FC09330EBB6482E931AD /* Pods-Wallet.debug (production).xcconfig */,
				5CF98271FD3212A4F425C8BC /* Pods-Wallet.debug (staging).xcconfig */,
				C895B30D8776736F07008395 /* Pods-Wallet.debug (development).xcconfig */,
				88876F152D760CD4DD4E39F6 /* Pods-Wallet.release (production).xcconfig */,
				A9657DB77AD00DE85F92BE87 /* Pods-Wallet.release (staging).xcconfig */,
				B64023A181614786618CCA62 /* Pods-Wallet.release (development).xcconfig */,
			);
			name = Pods;
			path = ../Pods;
			sourceTree = "<group>";
		};
		B7117026283B831B00FF985A /* Image Rendering */ = {
			isa = PBXGroup;
			children = (
				B7117029283B846900FF985A /* MyQRCode.swift */,
				B7117027283B836500FF985A /* MyQRCode.xib */,
				B767A76D2845D90A00E4381F /* OtherChainQRCode.swift */,
				B767A76B2845D8E200E4381F /* OtherChainQRCode.xib */,
			);
			path = "Image Rendering";
			sourceTree = "<group>";
		};
		B728FE582844B14400CF03DA /* Wallet */ = {
			isa = PBXGroup;
			children = (
				B72FDEC928339F7A00748D13 /* DisplayNameTableViewCell.swift */,
				B72FDECA28339F7A00748D13 /* DisplayNameTableViewCell.xib */,
				B72FDECF2833A48600748D13 /* BalanceTableViewCell.swift */,
				B72FDED02833A48600748D13 /* BalanceTableViewCell.xib */,
				B72FDED32833B38200748D13 /* TransactionTableViewCell.swift */,
				B72FDED42833B38200748D13 /* TransactionTableViewCell.xib */,
				B72FDED72833B6E000748D13 /* BannerTableViewCell.swift */,
				B72FDED82833B6E000748D13 /* BannerTableViewCell.xib */,
				B72FDEDF2833BE6E00748D13 /* WalletHistoryHeaderTableViewCell.swift */,
				B72FDEE02833BE6F00748D13 /* WalletHistoryHeaderTableViewCell.xib */,
				B72FDEDB2833BA9300748D13 /* WalletNoDataTableViewCell.swift */,
				B72FDEDC2833BA9300748D13 /* WalletNoDataTableViewCell.xib */,
				B72FDEEF2833C47F00748D13 /* SelectPageTableViewCell.swift */,
				B72FDEF02833C47F00748D13 /* SelectPageTableViewCell.xib */,
				B7A5B53C286E28CE00FB92D1 /* VerifyAccountTableViewCell.swift */,
				B7A5B53D286E28CE00FB92D1 /* VerifyAccountTableViewCell.xib */,
				B7A5B540286E2DEB00FB92D1 /* NoticeTableViewCell.swift */,
				B7A5B541286E2DEC00FB92D1 /* NoticeTableViewCell.xib */,
			);
			path = Wallet;
			sourceTree = "<group>";
		};
		B728FE592844B15900CF03DA /* Qr Code */ = {
			isa = PBXGroup;
			children = (
				B728FE5A2844B17C00CF03DA /* CastcleQrCodeTableViewCell.swift */,
				B728FE5B2844B17C00CF03DA /* CastcleQrCodeTableViewCell.xib */,
				B767A7632845CE2C00E4381F /* OtherChainTableViewCell.swift */,
				B767A7642845CE2C00E4381F /* OtherChainTableViewCell.xib */,
				B767A7672845CE3F00E4381F /* MemoTableViewCell.swift */,
				B767A7682845CE3F00E4381F /* MemoTableViewCell.xib */,
				B7476E8028476A7C00331614 /* SelectNetworkTableViewCell.swift */,
				B7476E8128476A7C00331614 /* SelectNetworkTableViewCell.xib */,
			);
			path = "Qr Code";
			sourceTree = "<group>";
		};
		B72FDEB52833981400748D13 /* Utilities */ = {
			isa = PBXGroup;
			children = (
				B72FDEBC2833989C00748D13 /* WalletNibVars.swift */,
				B72FDEBE283398B300748D13 /* WalletOpener.swift */,
			);
			path = Utilities;
			sourceTree = "<group>";
		};
		B72FDEB62833982000748D13 /* ViewController */ = {
			isa = PBXGroup;
			children = (
				B744AC3F28781B0700378924 /* Shortcut */,
				B796347F286E3A25003F2E9C /* Resend */,
				B792AA2E286C3DA300014352 /* Send */,
				B792AA2D286C3D7400014352 /* Qr Code */,
				B72FDEBA2833986100748D13 /* WalletViewController.swift */,
				B72FDEE72833C38500748D13 /* SelectPageViewController.swift */,
				B767A7612845CD0200E4381F /* OtherChainViewController.swift */,
				B7476E7E2847681C00331614 /* SelectNetworkViewController.swift */,
				B7A5B538286E222D00FB92D1 /* WalletVerifyAccountViewController.swift */,
			);
			path = ViewController;
			sourceTree = "<group>";
		};
		B72FDEB72833982F00748D13 /* ViewModel */ = {
			isa = PBXGroup;
			children = (
				B72FDECD28339FC500748D13 /* WalletViewModel.swift */,
				B72FDEF32833C4F800748D13 /* SelectPageViewModel.swift */,
				B727FDF42851ECD100BA50C7 /* CastcleQrCodeViewModel.swift */,
				B7A5B53A286E239D00FB92D1 /* WalletVerifyAccountViewModel.swift */,
				B744AC332877E78100378924 /* SendWalletViewModel.swift */,
				B744AC3D28781A2C00378924 /* ManageShortcutsViewModel.swift */,
			);
			path = ViewModel;
			sourceTree = "<group>";
		};
		B72FDEB82833983A00748D13 /* Cell */ = {
			isa = PBXGroup;
			children = (
				B744AC4028781B1B00378924 /* Shortcut */,
				B7963482286E40A5003F2E9C /* Resend */,
				B792AA31286C436600014352 /* Send */,
				B728FE592844B15900CF03DA /* Qr Code */,
				B728FE582844B14400CF03DA /* Wallet */,
			);
			path = Cell;
			sourceTree = "<group>";
		};
		B72FDEB92833984000748D13 /* Assets */ = {
			isa = PBXGroup;
			children = (
				B72FDEC728339F5700748D13 /* Assets.xcassets */,
			);
			path = Assets;
			sourceTree = "<group>";
		};
		B744AC3F28781B0700378924 /* Shortcut */ = {
			isa = PBXGroup;
			children = (
				B744AC37287809D800378924 /* ManageShortcutsViewController.swift */,
				B7471238287A816D00C3C7EE /* CreateShortcutViewController.swift */,
			);
			path = Shortcut;
			sourceTree = "<group>";
		};
		B744AC4028781B1B00378924 /* Shortcut */ = {
			isa = PBXGroup;
			children = (
				B744AC392878190300378924 /* ManageShortcutHeaderTableViewCell.swift */,
				B744AC3A2878190300378924 /* ManageShortcutHeaderTableViewCell.xib */,
				B7471234287A7C8B00C3C7EE /* ShortcutTableViewCell.swift */,
				B7471235287A7C8B00C3C7EE /* ShortcutTableViewCell.xib */,
				B747123A287A835600C3C7EE /* CreateShortcutTableViewCell.swift */,
				B747123B287A835600C3C7EE /* CreateShortcutTableViewCell.xib */,
			);
			path = Shortcut;
			sourceTree = "<group>";
		};
		B792AA2D286C3D7400014352 /* Qr Code */ = {
			isa = PBXGroup;
			children = (
				B71170562840AD7700FF985A /* ScanQrCodeViewController.swift */,
				B728FE542844ACCC00CF03DA /* MyQrCodeViewController.swift */,
				B728FE562844AD9C00CF03DA /* CastcleQrCodeViewController.swift */,
			);
			path = "Qr Code";
			sourceTree = "<group>";
		};
		B792AA2E286C3DA300014352 /* Send */ = {
			isa = PBXGroup;
			children = (
				B792AA2F286C3DC500014352 /* SendWalletViewController.swift */,
				B73D980D286E001600D6ECA8 /* SendReviewViewController.swift */,
				B73D980F286E003C00D6ECA8 /* SendAuthViewController.swift */,
			);
			path = Send;
			sourceTree = "<group>";
		};
		B792AA31286C436600014352 /* Send */ = {
			isa = PBXGroup;
			children = (
				B792AA32286C455700014352 /* SendShortcutTableViewCell.swift */,
				B792AA33286C455700014352 /* SendShortcutTableViewCell.xib */,
				B7031552286D86940070493B /* ShortcutCollectionViewCell.swift */,
				B7031553286D86940070493B /* ShortcutCollectionViewCell.xib */,
				B7031556286D9A2A0070493B /* SendToTableViewCell.swift */,
				B7031557286D9A2A0070493B /* SendToTableViewCell.xib */,
				B73D9811286E054700D6ECA8 /* ReviewSendTableViewCell.swift */,
				B73D9812286E054700D6ECA8 /* ReviewSendTableViewCell.xib */,
				B73D9815286E056800D6ECA8 /* ReviewDataTableViewCell.swift */,
				B73D9816286E056800D6ECA8 /* ReviewDataTableViewCell.xib */,
				B73D9819286E0B0B00D6ECA8 /* SendConfiemTableViewCell.swift */,
				B73D981A286E0B0B00D6ECA8 /* SendConfiemTableViewCell.xib */,
				B73D981D286E0F3900D6ECA8 /* SendVerifyTableViewCell.swift */,
				B73D981E286E0F3900D6ECA8 /* SendVerifyTableViewCell.xib */,
			);
			path = Send;
			sourceTree = "<group>";
		};
		B796347F286E3A25003F2E9C /* Resend */ = {
			isa = PBXGroup;
			children = (
				B7963480286E3A42003F2E9C /* ResendViewController.swift */,
			);
			path = Resend;
			sourceTree = "<group>";
		};
		B7963482286E40A5003F2E9C /* Resend */ = {
			isa = PBXGroup;
			children = (
				B7963483286E40D5003F2E9C /* ResendUserTableViewCell.swift */,
				B7963484286E40D5003F2E9C /* ResendUserTableViewCell.xib */,
				B7963487286E480C003F2E9C /* ResendOtherTableViewCell.swift */,
				B7963488286E480C003F2E9C /* ResendOtherTableViewCell.xib */,
				B796348B286E4BA9003F2E9C /* ViewMoreTableViewCell.swift */,
				B796348C286E4BA9003F2E9C /* ViewMoreTableViewCell.xib */,
				B796348F286E4EB3003F2E9C /* EmptyDataTableViewCell.swift */,
				B7963490286E4EB3003F2E9C /* EmptyDataTableViewCell.xib */,
			);
			path = Resend;
			sourceTree = "<group>";
		};
		B7F0D30A282B5C9900BA9764 = {
			isa = PBXGroup;
			children = (
				B7F0D316282B5C9900BA9764 /* Wallet */,
				B7F0D315282B5C9900BA9764 /* Products */,
				9AD917B24C319A293EB83764 /* Pods */,
				8D154AA23B15205E1FBD6680 /* Frameworks */,
			);
			sourceTree = "<group>";
		};
		B7F0D315282B5C9900BA9764 /* Products */ = {
			isa = PBXGroup;
			children = (
				B7F0D314282B5C9900BA9764 /* Wallet.framework */,
			);
			name = Products;
			sourceTree = "<group>";
		};
		B7F0D316282B5C9900BA9764 /* Wallet */ = {
			isa = PBXGroup;
			children = (
				B7F0D317282B5C9900BA9764 /* Wallet.h */,
				B72FDEB32833978A00748D13 /* Wallet.storyboard */,
				B7117026283B831B00FF985A /* Image Rendering */,
				B72FDEB92833984000748D13 /* Assets */,
				B72FDEB82833983A00748D13 /* Cell */,
				B72FDEB72833982F00748D13 /* ViewModel */,
				B72FDEB62833982000748D13 /* ViewController */,
				B72FDEB52833981400748D13 /* Utilities */,
			);
			path = Wallet;
			sourceTree = "<group>";
		};
/* End PBXGroup section */

/* Begin PBXHeadersBuildPhase section */
		B7F0D30F282B5C9900BA9764 /* Headers */ = {
			isa = PBXHeadersBuildPhase;
			buildActionMask = 2147483647;
			files = (
				B7F0D318282B5C9900BA9764 /* Wallet.h in Headers */,
			);
			runOnlyForDeploymentPostprocessing = 0;
		};
/* End PBXHeadersBuildPhase section */

/* Begin PBXNativeTarget section */
		B7F0D313282B5C9900BA9764 /* Wallet */ = {
			isa = PBXNativeTarget;
			buildConfigurationList = B7F0D31B282B5C9900BA9764 /* Build configuration list for PBXNativeTarget "Wallet" */;
			buildPhases = (
				F9110760C84E8EC9595AFCD1 /* [CP] Check Pods Manifest.lock */,
				B7F0D30F282B5C9900BA9764 /* Headers */,
				B7F0D310282B5C9900BA9764 /* Sources */,
				B7F0D311282B5C9900BA9764 /* Frameworks */,
				B7F0D312282B5C9900BA9764 /* Resources */,
			);
			buildRules = (
			);
			dependencies = (
			);
			name = Wallet;
			productName = Wallet;
			productReference = B7F0D314282B5C9900BA9764 /* Wallet.framework */;
			productType = "com.apple.product-type.framework";
		};
/* End PBXNativeTarget section */

/* Begin PBXProject section */
		B7F0D30B282B5C9900BA9764 /* Project object */ = {
			isa = PBXProject;
			attributes = {
				BuildIndependentTargetsInParallel = 1;
				LastUpgradeCheck = 1340;
				TargetAttributes = {
					B7F0D313282B5C9900BA9764 = {
						CreatedOnToolsVersion = 13.3.1;
						LastSwiftMigration = 1340;
					};
				};
			};
			buildConfigurationList = B7F0D30E282B5C9900BA9764 /* Build configuration list for PBXProject "Wallet" */;
			compatibilityVersion = "Xcode 13.0";
			developmentRegion = en;
			hasScannedForEncodings = 0;
			knownRegions = (
				en,
				Base,
			);
			mainGroup = B7F0D30A282B5C9900BA9764;
			productRefGroup = B7F0D315282B5C9900BA9764 /* Products */;
			projectDirPath = "";
			projectRoot = "";
			targets = (
				B7F0D313282B5C9900BA9764 /* Wallet */,
			);
		};
/* End PBXProject section */

/* Begin PBXResourcesBuildPhase section */
		B7F0D312282B5C9900BA9764 /* Resources */ = {
			isa = PBXResourcesBuildPhase;
			buildActionMask = 2147483647;
			files = (
				B7031559286D9A2A0070493B /* SendToTableViewCell.xib in Resources */,
				B767A7662845CE2C00E4381F /* OtherChainTableViewCell.xib in Resources */,
				B744AC3C2878190300378924 /* ManageShortcutHeaderTableViewCell.xib in Resources */,
				B72FDEF22833C47F00748D13 /* SelectPageTableViewCell.xib in Resources */,
				B7963492286E4EB3003F2E9C /* EmptyDataTableViewCell.xib in Resources */,
				B73D9814286E054700D6ECA8 /* ReviewSendTableViewCell.xib in Resources */,
				B72FDEDE2833BA9300748D13 /* WalletNoDataTableViewCell.xib in Resources */,
				B7A5B543286E2DEE00FB92D1 /* NoticeTableViewCell.xib in Resources */,
				B7A5B53F286E28CE00FB92D1 /* VerifyAccountTableViewCell.xib in Resources */,
				B7471237287A7C8B00C3C7EE /* ShortcutTableViewCell.xib in Resources */,
				B7031555286D86940070493B /* ShortcutCollectionViewCell.xib in Resources */,
				B7476E8328476A7C00331614 /* SelectNetworkTableViewCell.xib in Resources */,
				B72FDED62833B38200748D13 /* TransactionTableViewCell.xib in Resources */,
				B796348E286E4BA9003F2E9C /* ViewMoreTableViewCell.xib in Resources */,
				B747123D287A835600C3C7EE /* CreateShortcutTableViewCell.xib in Resources */,
				B728FE5D2844B17D00CF03DA /* CastcleQrCodeTableViewCell.xib in Resources */,
				B7963486286E40D5003F2E9C /* ResendUserTableViewCell.xib in Resources */,
				B767A76A2845CE3F00E4381F /* MemoTableViewCell.xib in Resources */,
				B792AA35286C455700014352 /* SendShortcutTableViewCell.xib in Resources */,
				B73D981C286E0B0B00D6ECA8 /* SendConfiemTableViewCell.xib in Resources */,
				B72FDECC28339F7A00748D13 /* DisplayNameTableViewCell.xib in Resources */,
				B72FDEC828339F5700748D13 /* Assets.xcassets in Resources */,
				B72FDEE22833BE6F00748D13 /* WalletHistoryHeaderTableViewCell.xib in Resources */,
				B72FDED22833A48600748D13 /* BalanceTableViewCell.xib in Resources */,
				B796348A286E480C003F2E9C /* ResendOtherTableViewCell.xib in Resources */,
				B73D9818286E056800D6ECA8 /* ReviewDataTableViewCell.xib in Resources */,
				B7117028283B836500FF985A /* MyQRCode.xib in Resources */,
				B72FDEB42833978A00748D13 /* Wallet.storyboard in Resources */,
				B73D9820286E0F3900D6ECA8 /* SendVerifyTableViewCell.xib in Resources */,
				B767A76C2845D8E200E4381F /* OtherChainQRCode.xib in Resources */,
				B72FDEDA2833B6E000748D13 /* BannerTableViewCell.xib in Resources */,
			);
			runOnlyForDeploymentPostprocessing = 0;
		};
/* End PBXResourcesBuildPhase section */

/* Begin PBXShellScriptBuildPhase section */
		F9110760C84E8EC9595AFCD1 /* [CP] Check Pods Manifest.lock */ = {
			isa = PBXShellScriptBuildPhase;
			buildActionMask = 2147483647;
			files = (
			);
			inputFileListPaths = (
			);
			inputPaths = (
				"${PODS_PODFILE_DIR_PATH}/Podfile.lock",
				"${PODS_ROOT}/Manifest.lock",
			);
			name = "[CP] Check Pods Manifest.lock";
			outputFileListPaths = (
			);
			outputPaths = (
				"$(DERIVED_FILE_DIR)/Pods-Wallet-checkManifestLockResult.txt",
			);
			runOnlyForDeploymentPostprocessing = 0;
			shellPath = /bin/sh;
			shellScript = "diff \"${PODS_PODFILE_DIR_PATH}/Podfile.lock\" \"${PODS_ROOT}/Manifest.lock\" > /dev/null\nif [ $? != 0 ] ; then\n    # print error to STDERR\n    echo \"error: The sandbox is not in sync with the Podfile.lock. Run 'pod install' or update your CocoaPods installation.\" >&2\n    exit 1\nfi\n# This output is used by Xcode 'outputs' to avoid re-running this script phase.\necho \"SUCCESS\" > \"${SCRIPT_OUTPUT_FILE_0}\"\n";
			showEnvVarsInLog = 0;
		};
/* End PBXShellScriptBuildPhase section */

/* Begin PBXSourcesBuildPhase section */
		B7F0D310282B5C9900BA9764 /* Sources */ = {
			isa = PBXSourcesBuildPhase;
			buildActionMask = 2147483647;
			files = (
				B7471239287A816D00C3C7EE /* CreateShortcutViewController.swift in Sources */,
				B73D980E286E001600D6ECA8 /* SendReviewViewController.swift in Sources */,
				B7476E8228476A7C00331614 /* SelectNetworkTableViewCell.swift in Sources */,
				B72FDEBD2833989C00748D13 /* WalletNibVars.swift in Sources */,
				B7963489286E480C003F2E9C /* ResendOtherTableViewCell.swift in Sources */,
				B73D9817286E056800D6ECA8 /* ReviewDataTableViewCell.swift in Sources */,
				B7A5B539286E222D00FB92D1 /* WalletVerifyAccountViewController.swift in Sources */,
				B7476E7F2847681C00331614 /* SelectNetworkViewController.swift in Sources */,
				B7A5B53E286E28CE00FB92D1 /* VerifyAccountTableViewCell.swift in Sources */,
				B7963485286E40D5003F2E9C /* ResendUserTableViewCell.swift in Sources */,
				B72FDEF12833C47F00748D13 /* SelectPageTableViewCell.swift in Sources */,
				B744AC3B2878190300378924 /* ManageShortcutHeaderTableViewCell.swift in Sources */,
				B728FE5C2844B17C00CF03DA /* CastcleQrCodeTableViewCell.swift in Sources */,
				B71170572840AD7700FF985A /* ScanQrCodeViewController.swift in Sources */,
				B72FDED52833B38200748D13 /* TransactionTableViewCell.swift in Sources */,
				B747123C287A835600C3C7EE /* CreateShortcutTableViewCell.swift in Sources */,
				B7A5B53B286E239E00FB92D1 /* WalletVerifyAccountViewModel.swift in Sources */,
				B727FDF52851ECD100BA50C7 /* CastcleQrCodeViewModel.swift in Sources */,
				B72FDEBF283398B300748D13 /* WalletOpener.swift in Sources */,
				B73D981F286E0F3900D6ECA8 /* SendVerifyTableViewCell.swift in Sources */,
				B72FDEDD2833BA9300748D13 /* WalletNoDataTableViewCell.swift in Sources */,
				B711702A283B846900FF985A /* MyQRCode.swift in Sources */,
				B73D981B286E0B0B00D6ECA8 /* SendConfiemTableViewCell.swift in Sources */,
				B767A7622845CD0200E4381F /* OtherChainViewController.swift in Sources */,
				B7031554286D86940070493B /* ShortcutCollectionViewCell.swift in Sources */,
				B72FDEF42833C4F800748D13 /* SelectPageViewModel.swift in Sources */,
				B73D9810286E003C00D6ECA8 /* SendAuthViewController.swift in Sources */,
				B767A76E2845D90A00E4381F /* OtherChainQRCode.swift in Sources */,
				B767A7692845CE3F00E4381F /* MemoTableViewCell.swift in Sources */,
				B7031558286D9A2A0070493B /* SendToTableViewCell.swift in Sources */,
				B792AA30286C3DC500014352 /* SendWalletViewController.swift in Sources */,
				B744AC3E28781A2C00378924 /* ManageShortcutsViewModel.swift in Sources */,
				B728FE572844AD9C00CF03DA /* CastcleQrCodeViewController.swift in Sources */,
				B744AC38287809D800378924 /* ManageShortcutsViewController.swift in Sources */,
				B72FDED12833A48600748D13 /* BalanceTableViewCell.swift in Sources */,
				B792AA34286C455700014352 /* SendShortcutTableViewCell.swift in Sources */,
				B7A5B542286E2DEE00FB92D1 /* NoticeTableViewCell.swift in Sources */,
				B73D9813286E054700D6ECA8 /* ReviewSendTableViewCell.swift in Sources */,
				B767A7652845CE2C00E4381F /* OtherChainTableViewCell.swift in Sources */,
				B72FDECE28339FC500748D13 /* WalletViewModel.swift in Sources */,
				B744AC342877E78100378924 /* SendWalletViewModel.swift in Sources */,
				B7963491286E4EB3003F2E9C /* EmptyDataTableViewCell.swift in Sources */,
				B728FE552844ACCC00CF03DA /* MyQrCodeViewController.swift in Sources */,
				B72FDEE92833C38500748D13 /* SelectPageViewController.swift in Sources */,
				B72FDEE12833BE6F00748D13 /* WalletHistoryHeaderTableViewCell.swift in Sources */,
				B72FDED92833B6E000748D13 /* BannerTableViewCell.swift in Sources */,
				B7963481286E3A42003F2E9C /* ResendViewController.swift in Sources */,
				B7471236287A7C8B00C3C7EE /* ShortcutTableViewCell.swift in Sources */,
				B796348D286E4BA9003F2E9C /* ViewMoreTableViewCell.swift in Sources */,
				B72FDEBB2833986100748D13 /* WalletViewController.swift in Sources */,
				B72FDECB28339F7A00748D13 /* DisplayNameTableViewCell.swift in Sources */,
			);
			runOnlyForDeploymentPostprocessing = 0;
		};
/* End PBXSourcesBuildPhase section */

/* Begin XCBuildConfiguration section */
		B7F0D319282B5C9900BA9764 /* Debug (Production) */ = {
			isa = XCBuildConfiguration;
			buildSettings = {
				ALWAYS_SEARCH_USER_PATHS = NO;
				CLANG_ANALYZER_NONNULL = YES;
				CLANG_ANALYZER_NUMBER_OBJECT_CONVERSION = YES_AGGRESSIVE;
				CLANG_CXX_LANGUAGE_STANDARD = "gnu++17";
				CLANG_ENABLE_MODULES = YES;
				CLANG_ENABLE_OBJC_ARC = YES;
				CLANG_ENABLE_OBJC_WEAK = YES;
				CLANG_WARN_BLOCK_CAPTURE_AUTORELEASING = YES;
				CLANG_WARN_BOOL_CONVERSION = YES;
				CLANG_WARN_COMMA = YES;
				CLANG_WARN_CONSTANT_CONVERSION = YES;
				CLANG_WARN_DEPRECATED_OBJC_IMPLEMENTATIONS = YES;
				CLANG_WARN_DIRECT_OBJC_ISA_USAGE = YES_ERROR;
				CLANG_WARN_DOCUMENTATION_COMMENTS = YES;
				CLANG_WARN_EMPTY_BODY = YES;
				CLANG_WARN_ENUM_CONVERSION = YES;
				CLANG_WARN_INFINITE_RECURSION = YES;
				CLANG_WARN_INT_CONVERSION = YES;
				CLANG_WARN_NON_LITERAL_NULL_CONVERSION = YES;
				CLANG_WARN_OBJC_IMPLICIT_RETAIN_SELF = YES;
				CLANG_WARN_OBJC_LITERAL_CONVERSION = YES;
				CLANG_WARN_OBJC_ROOT_CLASS = YES_ERROR;
				CLANG_WARN_QUOTED_INCLUDE_IN_FRAMEWORK_HEADER = YES;
				CLANG_WARN_RANGE_LOOP_ANALYSIS = YES;
				CLANG_WARN_STRICT_PROTOTYPES = YES;
				CLANG_WARN_SUSPICIOUS_MOVE = YES;
				CLANG_WARN_UNGUARDED_AVAILABILITY = YES_AGGRESSIVE;
				CLANG_WARN_UNREACHABLE_CODE = YES;
				CLANG_WARN__DUPLICATE_METHOD_MATCH = YES;
				COPY_PHASE_STRIP = NO;
				CURRENT_PROJECT_VERSION = 1;
				DEBUG_INFORMATION_FORMAT = dwarf;
				ENABLE_BITCODE = NO;
				ENABLE_STRICT_OBJC_MSGSEND = YES;
				ENABLE_TESTABILITY = YES;
				GCC_C_LANGUAGE_STANDARD = gnu11;
				GCC_DYNAMIC_NO_PIC = NO;
				GCC_NO_COMMON_BLOCKS = YES;
				GCC_OPTIMIZATION_LEVEL = 0;
				GCC_PREPROCESSOR_DEFINITIONS = (
					"DEBUG=1",
					"$(inherited)",
				);
				GCC_WARN_64_TO_32_BIT_CONVERSION = YES;
				GCC_WARN_ABOUT_RETURN_TYPE = YES_ERROR;
				GCC_WARN_UNDECLARED_SELECTOR = YES;
				GCC_WARN_UNINITIALIZED_AUTOS = YES_AGGRESSIVE;
				GCC_WARN_UNUSED_FUNCTION = YES;
				GCC_WARN_UNUSED_VARIABLE = YES;
				IPHONEOS_DEPLOYMENT_TARGET = 13.0;
				MTL_ENABLE_DEBUG_INFO = INCLUDE_SOURCE;
				MTL_FAST_MATH = YES;
				ONLY_ACTIVE_ARCH = YES;
				SDKROOT = iphoneos;
				SWIFT_ACTIVE_COMPILATION_CONDITIONS = DEBUG;
				SWIFT_OPTIMIZATION_LEVEL = "-Onone";
				VERSIONING_SYSTEM = "apple-generic";
				VERSION_INFO_PREFIX = "";
			};
			name = "Debug (Production)";
		};
		B7F0D31A282B5C9900BA9764 /* Release (Production) */ = {
			isa = XCBuildConfiguration;
			buildSettings = {
				ALWAYS_SEARCH_USER_PATHS = NO;
				CLANG_ANALYZER_NONNULL = YES;
				CLANG_ANALYZER_NUMBER_OBJECT_CONVERSION = YES_AGGRESSIVE;
				CLANG_CXX_LANGUAGE_STANDARD = "gnu++17";
				CLANG_ENABLE_MODULES = YES;
				CLANG_ENABLE_OBJC_ARC = YES;
				CLANG_ENABLE_OBJC_WEAK = YES;
				CLANG_WARN_BLOCK_CAPTURE_AUTORELEASING = YES;
				CLANG_WARN_BOOL_CONVERSION = YES;
				CLANG_WARN_COMMA = YES;
				CLANG_WARN_CONSTANT_CONVERSION = YES;
				CLANG_WARN_DEPRECATED_OBJC_IMPLEMENTATIONS = YES;
				CLANG_WARN_DIRECT_OBJC_ISA_USAGE = YES_ERROR;
				CLANG_WARN_DOCUMENTATION_COMMENTS = YES;
				CLANG_WARN_EMPTY_BODY = YES;
				CLANG_WARN_ENUM_CONVERSION = YES;
				CLANG_WARN_INFINITE_RECURSION = YES;
				CLANG_WARN_INT_CONVERSION = YES;
				CLANG_WARN_NON_LITERAL_NULL_CONVERSION = YES;
				CLANG_WARN_OBJC_IMPLICIT_RETAIN_SELF = YES;
				CLANG_WARN_OBJC_LITERAL_CONVERSION = YES;
				CLANG_WARN_OBJC_ROOT_CLASS = YES_ERROR;
				CLANG_WARN_QUOTED_INCLUDE_IN_FRAMEWORK_HEADER = YES;
				CLANG_WARN_RANGE_LOOP_ANALYSIS = YES;
				CLANG_WARN_STRICT_PROTOTYPES = YES;
				CLANG_WARN_SUSPICIOUS_MOVE = YES;
				CLANG_WARN_UNGUARDED_AVAILABILITY = YES_AGGRESSIVE;
				CLANG_WARN_UNREACHABLE_CODE = YES;
				CLANG_WARN__DUPLICATE_METHOD_MATCH = YES;
				COPY_PHASE_STRIP = NO;
				CURRENT_PROJECT_VERSION = 1;
				DEBUG_INFORMATION_FORMAT = "dwarf-with-dsym";
				ENABLE_BITCODE = NO;
				ENABLE_NS_ASSERTIONS = NO;
				ENABLE_STRICT_OBJC_MSGSEND = YES;
				GCC_C_LANGUAGE_STANDARD = gnu11;
				GCC_NO_COMMON_BLOCKS = YES;
				GCC_WARN_64_TO_32_BIT_CONVERSION = YES;
				GCC_WARN_ABOUT_RETURN_TYPE = YES_ERROR;
				GCC_WARN_UNDECLARED_SELECTOR = YES;
				GCC_WARN_UNINITIALIZED_AUTOS = YES_AGGRESSIVE;
				GCC_WARN_UNUSED_FUNCTION = YES;
				GCC_WARN_UNUSED_VARIABLE = YES;
				IPHONEOS_DEPLOYMENT_TARGET = 13.0;
				MTL_ENABLE_DEBUG_INFO = NO;
				MTL_FAST_MATH = YES;
				SDKROOT = iphoneos;
				SWIFT_COMPILATION_MODE = wholemodule;
				SWIFT_OPTIMIZATION_LEVEL = "-O";
				VALIDATE_PRODUCT = YES;
				VERSIONING_SYSTEM = "apple-generic";
				VERSION_INFO_PREFIX = "";
			};
			name = "Release (Production)";
		};
		B7F0D31C282B5C9900BA9764 /* Debug (Production) */ = {
			isa = XCBuildConfiguration;
			baseConfigurationReference = 4602FC09330EBB6482E931AD /* Pods-Wallet.debug (production).xcconfig */;
			buildSettings = {
				CLANG_ENABLE_MODULES = YES;
				CODE_SIGN_STYLE = Automatic;
				CURRENT_PROJECT_VERSION = 1;
				DEFINES_MODULE = YES;
				DYLIB_COMPATIBILITY_VERSION = 1;
				DYLIB_CURRENT_VERSION = 1;
				DYLIB_INSTALL_NAME_BASE = "@rpath";
				ENABLE_BITCODE = NO;
				GENERATE_INFOPLIST_FILE = YES;
				INFOPLIST_KEY_NSHumanReadableCopyright = "";
				INSTALL_PATH = "$(LOCAL_LIBRARY_DIR)/Frameworks";
				LD_RUNPATH_SEARCH_PATHS = (
					"$(inherited)",
					"@executable_path/Frameworks",
					"@loader_path/Frameworks",
				);
				MARKETING_VERSION = 1.0;
				ONLY_ACTIVE_ARCH = YES;
				PRODUCT_BUNDLE_IDENTIFIER = com.castcle.Wallet;
				PRODUCT_NAME = "$(TARGET_NAME:c99extidentifier)";
				SKIP_INSTALL = YES;
				SWIFT_EMIT_LOC_STRINGS = YES;
				SWIFT_OPTIMIZATION_LEVEL = "-Onone";
				SWIFT_VERSION = 5.0;
				TARGETED_DEVICE_FAMILY = "1,2";
			};
			name = "Debug (Production)";
		};
		B7F0D31D282B5C9900BA9764 /* Release (Production) */ = {
			isa = XCBuildConfiguration;
			baseConfigurationReference = 88876F152D760CD4DD4E39F6 /* Pods-Wallet.release (production).xcconfig */;
			buildSettings = {
				CLANG_ENABLE_MODULES = YES;
				CODE_SIGN_STYLE = Automatic;
				CURRENT_PROJECT_VERSION = 1;
				DEFINES_MODULE = YES;
				DYLIB_COMPATIBILITY_VERSION = 1;
				DYLIB_CURRENT_VERSION = 1;
				DYLIB_INSTALL_NAME_BASE = "@rpath";
				ENABLE_BITCODE = NO;
				GENERATE_INFOPLIST_FILE = YES;
				INFOPLIST_KEY_NSHumanReadableCopyright = "";
				INSTALL_PATH = "$(LOCAL_LIBRARY_DIR)/Frameworks";
				LD_RUNPATH_SEARCH_PATHS = (
					"$(inherited)",
					"@executable_path/Frameworks",
					"@loader_path/Frameworks",
				);
				MARKETING_VERSION = 1.0;
				ONLY_ACTIVE_ARCH = YES;
				PRODUCT_BUNDLE_IDENTIFIER = com.castcle.Wallet;
				PRODUCT_NAME = "$(TARGET_NAME:c99extidentifier)";
				SKIP_INSTALL = YES;
				SWIFT_EMIT_LOC_STRINGS = YES;
				SWIFT_VERSION = 5.0;
				TARGETED_DEVICE_FAMILY = "1,2";
			};
			name = "Release (Production)";
		};
		B7F0D31E282B5F0200BA9764 /* Debug (Staging) */ = {
			isa = XCBuildConfiguration;
			buildSettings = {
				ALWAYS_SEARCH_USER_PATHS = NO;
				CLANG_ANALYZER_NONNULL = YES;
				CLANG_ANALYZER_NUMBER_OBJECT_CONVERSION = YES_AGGRESSIVE;
				CLANG_CXX_LANGUAGE_STANDARD = "gnu++17";
				CLANG_ENABLE_MODULES = YES;
				CLANG_ENABLE_OBJC_ARC = YES;
				CLANG_ENABLE_OBJC_WEAK = YES;
				CLANG_WARN_BLOCK_CAPTURE_AUTORELEASING = YES;
				CLANG_WARN_BOOL_CONVERSION = YES;
				CLANG_WARN_COMMA = YES;
				CLANG_WARN_CONSTANT_CONVERSION = YES;
				CLANG_WARN_DEPRECATED_OBJC_IMPLEMENTATIONS = YES;
				CLANG_WARN_DIRECT_OBJC_ISA_USAGE = YES_ERROR;
				CLANG_WARN_DOCUMENTATION_COMMENTS = YES;
				CLANG_WARN_EMPTY_BODY = YES;
				CLANG_WARN_ENUM_CONVERSION = YES;
				CLANG_WARN_INFINITE_RECURSION = YES;
				CLANG_WARN_INT_CONVERSION = YES;
				CLANG_WARN_NON_LITERAL_NULL_CONVERSION = YES;
				CLANG_WARN_OBJC_IMPLICIT_RETAIN_SELF = YES;
				CLANG_WARN_OBJC_LITERAL_CONVERSION = YES;
				CLANG_WARN_OBJC_ROOT_CLASS = YES_ERROR;
				CLANG_WARN_QUOTED_INCLUDE_IN_FRAMEWORK_HEADER = YES;
				CLANG_WARN_RANGE_LOOP_ANALYSIS = YES;
				CLANG_WARN_STRICT_PROTOTYPES = YES;
				CLANG_WARN_SUSPICIOUS_MOVE = YES;
				CLANG_WARN_UNGUARDED_AVAILABILITY = YES_AGGRESSIVE;
				CLANG_WARN_UNREACHABLE_CODE = YES;
				CLANG_WARN__DUPLICATE_METHOD_MATCH = YES;
				COPY_PHASE_STRIP = NO;
				CURRENT_PROJECT_VERSION = 1;
				DEBUG_INFORMATION_FORMAT = dwarf;
				ENABLE_BITCODE = NO;
				ENABLE_STRICT_OBJC_MSGSEND = YES;
				ENABLE_TESTABILITY = YES;
				GCC_C_LANGUAGE_STANDARD = gnu11;
				GCC_DYNAMIC_NO_PIC = NO;
				GCC_NO_COMMON_BLOCKS = YES;
				GCC_OPTIMIZATION_LEVEL = 0;
				GCC_PREPROCESSOR_DEFINITIONS = (
					"DEBUG=1",
					"$(inherited)",
				);
				GCC_WARN_64_TO_32_BIT_CONVERSION = YES;
				GCC_WARN_ABOUT_RETURN_TYPE = YES_ERROR;
				GCC_WARN_UNDECLARED_SELECTOR = YES;
				GCC_WARN_UNINITIALIZED_AUTOS = YES_AGGRESSIVE;
				GCC_WARN_UNUSED_FUNCTION = YES;
				GCC_WARN_UNUSED_VARIABLE = YES;
				IPHONEOS_DEPLOYMENT_TARGET = 13.0;
				MTL_ENABLE_DEBUG_INFO = INCLUDE_SOURCE;
				MTL_FAST_MATH = YES;
				ONLY_ACTIVE_ARCH = YES;
				SDKROOT = iphoneos;
				SWIFT_ACTIVE_COMPILATION_CONDITIONS = DEBUG;
				SWIFT_OPTIMIZATION_LEVEL = "-Onone";
				VERSIONING_SYSTEM = "apple-generic";
				VERSION_INFO_PREFIX = "";
			};
			name = "Debug (Staging)";
		};
		B7F0D31F282B5F0200BA9764 /* Debug (Staging) */ = {
			isa = XCBuildConfiguration;
			baseConfigurationReference = 5CF98271FD3212A4F425C8BC /* Pods-Wallet.debug (staging).xcconfig */;
			buildSettings = {
				CLANG_ENABLE_MODULES = YES;
				CODE_SIGN_STYLE = Automatic;
				CURRENT_PROJECT_VERSION = 1;
				DEFINES_MODULE = YES;
				DYLIB_COMPATIBILITY_VERSION = 1;
				DYLIB_CURRENT_VERSION = 1;
				DYLIB_INSTALL_NAME_BASE = "@rpath";
				ENABLE_BITCODE = NO;
				GENERATE_INFOPLIST_FILE = YES;
				INFOPLIST_KEY_NSHumanReadableCopyright = "";
				INSTALL_PATH = "$(LOCAL_LIBRARY_DIR)/Frameworks";
				LD_RUNPATH_SEARCH_PATHS = (
					"$(inherited)",
					"@executable_path/Frameworks",
					"@loader_path/Frameworks",
				);
				MARKETING_VERSION = 1.0;
				ONLY_ACTIVE_ARCH = YES;
				PRODUCT_BUNDLE_IDENTIFIER = com.castcle.Wallet;
				PRODUCT_NAME = "$(TARGET_NAME:c99extidentifier)";
				SKIP_INSTALL = YES;
				SWIFT_EMIT_LOC_STRINGS = YES;
				SWIFT_OPTIMIZATION_LEVEL = "-Onone";
				SWIFT_VERSION = 5.0;
				TARGETED_DEVICE_FAMILY = "1,2";
			};
			name = "Debug (Staging)";
		};
		B7F0D320282B5F0500BA9764 /* Debug (Development) */ = {
			isa = XCBuildConfiguration;
			buildSettings = {
				ALWAYS_SEARCH_USER_PATHS = NO;
				CLANG_ANALYZER_NONNULL = YES;
				CLANG_ANALYZER_NUMBER_OBJECT_CONVERSION = YES_AGGRESSIVE;
				CLANG_CXX_LANGUAGE_STANDARD = "gnu++17";
				CLANG_ENABLE_MODULES = YES;
				CLANG_ENABLE_OBJC_ARC = YES;
				CLANG_ENABLE_OBJC_WEAK = YES;
				CLANG_WARN_BLOCK_CAPTURE_AUTORELEASING = YES;
				CLANG_WARN_BOOL_CONVERSION = YES;
				CLANG_WARN_COMMA = YES;
				CLANG_WARN_CONSTANT_CONVERSION = YES;
				CLANG_WARN_DEPRECATED_OBJC_IMPLEMENTATIONS = YES;
				CLANG_WARN_DIRECT_OBJC_ISA_USAGE = YES_ERROR;
				CLANG_WARN_DOCUMENTATION_COMMENTS = YES;
				CLANG_WARN_EMPTY_BODY = YES;
				CLANG_WARN_ENUM_CONVERSION = YES;
				CLANG_WARN_INFINITE_RECURSION = YES;
				CLANG_WARN_INT_CONVERSION = YES;
				CLANG_WARN_NON_LITERAL_NULL_CONVERSION = YES;
				CLANG_WARN_OBJC_IMPLICIT_RETAIN_SELF = YES;
				CLANG_WARN_OBJC_LITERAL_CONVERSION = YES;
				CLANG_WARN_OBJC_ROOT_CLASS = YES_ERROR;
				CLANG_WARN_QUOTED_INCLUDE_IN_FRAMEWORK_HEADER = YES;
				CLANG_WARN_RANGE_LOOP_ANALYSIS = YES;
				CLANG_WARN_STRICT_PROTOTYPES = YES;
				CLANG_WARN_SUSPICIOUS_MOVE = YES;
				CLANG_WARN_UNGUARDED_AVAILABILITY = YES_AGGRESSIVE;
				CLANG_WARN_UNREACHABLE_CODE = YES;
				CLANG_WARN__DUPLICATE_METHOD_MATCH = YES;
				COPY_PHASE_STRIP = NO;
				CURRENT_PROJECT_VERSION = 1;
				DEBUG_INFORMATION_FORMAT = dwarf;
				ENABLE_BITCODE = NO;
				ENABLE_STRICT_OBJC_MSGSEND = YES;
				ENABLE_TESTABILITY = YES;
				GCC_C_LANGUAGE_STANDARD = gnu11;
				GCC_DYNAMIC_NO_PIC = NO;
				GCC_NO_COMMON_BLOCKS = YES;
				GCC_OPTIMIZATION_LEVEL = 0;
				GCC_PREPROCESSOR_DEFINITIONS = (
					"DEBUG=1",
					"$(inherited)",
				);
				GCC_WARN_64_TO_32_BIT_CONVERSION = YES;
				GCC_WARN_ABOUT_RETURN_TYPE = YES_ERROR;
				GCC_WARN_UNDECLARED_SELECTOR = YES;
				GCC_WARN_UNINITIALIZED_AUTOS = YES_AGGRESSIVE;
				GCC_WARN_UNUSED_FUNCTION = YES;
				GCC_WARN_UNUSED_VARIABLE = YES;
				IPHONEOS_DEPLOYMENT_TARGET = 13.0;
				MTL_ENABLE_DEBUG_INFO = INCLUDE_SOURCE;
				MTL_FAST_MATH = YES;
				ONLY_ACTIVE_ARCH = YES;
				SDKROOT = iphoneos;
				SWIFT_ACTIVE_COMPILATION_CONDITIONS = DEBUG;
				SWIFT_OPTIMIZATION_LEVEL = "-Onone";
				VERSIONING_SYSTEM = "apple-generic";
				VERSION_INFO_PREFIX = "";
			};
			name = "Debug (Development)";
		};
		B7F0D321282B5F0500BA9764 /* Debug (Development) */ = {
			isa = XCBuildConfiguration;
			baseConfigurationReference = C895B30D8776736F07008395 /* Pods-Wallet.debug (development).xcconfig */;
			buildSettings = {
				CLANG_ENABLE_MODULES = YES;
				CODE_SIGN_STYLE = Automatic;
				CURRENT_PROJECT_VERSION = 1;
				DEFINES_MODULE = YES;
				DYLIB_COMPATIBILITY_VERSION = 1;
				DYLIB_CURRENT_VERSION = 1;
				DYLIB_INSTALL_NAME_BASE = "@rpath";
				ENABLE_BITCODE = NO;
				GENERATE_INFOPLIST_FILE = YES;
				INFOPLIST_KEY_NSHumanReadableCopyright = "";
				INSTALL_PATH = "$(LOCAL_LIBRARY_DIR)/Frameworks";
				LD_RUNPATH_SEARCH_PATHS = (
					"$(inherited)",
					"@executable_path/Frameworks",
					"@loader_path/Frameworks",
				);
				MARKETING_VERSION = 1.0;
				ONLY_ACTIVE_ARCH = YES;
				PRODUCT_BUNDLE_IDENTIFIER = com.castcle.Wallet;
				PRODUCT_NAME = "$(TARGET_NAME:c99extidentifier)";
				SKIP_INSTALL = YES;
				SWIFT_EMIT_LOC_STRINGS = YES;
				SWIFT_OPTIMIZATION_LEVEL = "-Onone";
				SWIFT_VERSION = 5.0;
				TARGETED_DEVICE_FAMILY = "1,2";
			};
			name = "Debug (Development)";
		};
		B7F0D322282B5F0800BA9764 /* Release (Staging) */ = {
			isa = XCBuildConfiguration;
			buildSettings = {
				ALWAYS_SEARCH_USER_PATHS = NO;
				CLANG_ANALYZER_NONNULL = YES;
				CLANG_ANALYZER_NUMBER_OBJECT_CONVERSION = YES_AGGRESSIVE;
				CLANG_CXX_LANGUAGE_STANDARD = "gnu++17";
				CLANG_ENABLE_MODULES = YES;
				CLANG_ENABLE_OBJC_ARC = YES;
				CLANG_ENABLE_OBJC_WEAK = YES;
				CLANG_WARN_BLOCK_CAPTURE_AUTORELEASING = YES;
				CLANG_WARN_BOOL_CONVERSION = YES;
				CLANG_WARN_COMMA = YES;
				CLANG_WARN_CONSTANT_CONVERSION = YES;
				CLANG_WARN_DEPRECATED_OBJC_IMPLEMENTATIONS = YES;
				CLANG_WARN_DIRECT_OBJC_ISA_USAGE = YES_ERROR;
				CLANG_WARN_DOCUMENTATION_COMMENTS = YES;
				CLANG_WARN_EMPTY_BODY = YES;
				CLANG_WARN_ENUM_CONVERSION = YES;
				CLANG_WARN_INFINITE_RECURSION = YES;
				CLANG_WARN_INT_CONVERSION = YES;
				CLANG_WARN_NON_LITERAL_NULL_CONVERSION = YES;
				CLANG_WARN_OBJC_IMPLICIT_RETAIN_SELF = YES;
				CLANG_WARN_OBJC_LITERAL_CONVERSION = YES;
				CLANG_WARN_OBJC_ROOT_CLASS = YES_ERROR;
				CLANG_WARN_QUOTED_INCLUDE_IN_FRAMEWORK_HEADER = YES;
				CLANG_WARN_RANGE_LOOP_ANALYSIS = YES;
				CLANG_WARN_STRICT_PROTOTYPES = YES;
				CLANG_WARN_SUSPICIOUS_MOVE = YES;
				CLANG_WARN_UNGUARDED_AVAILABILITY = YES_AGGRESSIVE;
				CLANG_WARN_UNREACHABLE_CODE = YES;
				CLANG_WARN__DUPLICATE_METHOD_MATCH = YES;
				COPY_PHASE_STRIP = NO;
				CURRENT_PROJECT_VERSION = 1;
				DEBUG_INFORMATION_FORMAT = "dwarf-with-dsym";
				ENABLE_BITCODE = NO;
				ENABLE_NS_ASSERTIONS = NO;
				ENABLE_STRICT_OBJC_MSGSEND = YES;
				GCC_C_LANGUAGE_STANDARD = gnu11;
				GCC_NO_COMMON_BLOCKS = YES;
				GCC_WARN_64_TO_32_BIT_CONVERSION = YES;
				GCC_WARN_ABOUT_RETURN_TYPE = YES_ERROR;
				GCC_WARN_UNDECLARED_SELECTOR = YES;
				GCC_WARN_UNINITIALIZED_AUTOS = YES_AGGRESSIVE;
				GCC_WARN_UNUSED_FUNCTION = YES;
				GCC_WARN_UNUSED_VARIABLE = YES;
				IPHONEOS_DEPLOYMENT_TARGET = 13.0;
				MTL_ENABLE_DEBUG_INFO = NO;
				MTL_FAST_MATH = YES;
				SDKROOT = iphoneos;
				SWIFT_COMPILATION_MODE = wholemodule;
				SWIFT_OPTIMIZATION_LEVEL = "-O";
				VALIDATE_PRODUCT = YES;
				VERSIONING_SYSTEM = "apple-generic";
				VERSION_INFO_PREFIX = "";
			};
			name = "Release (Staging)";
		};
		B7F0D323282B5F0800BA9764 /* Release (Staging) */ = {
			isa = XCBuildConfiguration;
			baseConfigurationReference = A9657DB77AD00DE85F92BE87 /* Pods-Wallet.release (staging).xcconfig */;
			buildSettings = {
				CLANG_ENABLE_MODULES = YES;
				CODE_SIGN_STYLE = Automatic;
				CURRENT_PROJECT_VERSION = 1;
				DEFINES_MODULE = YES;
				DYLIB_COMPATIBILITY_VERSION = 1;
				DYLIB_CURRENT_VERSION = 1;
				DYLIB_INSTALL_NAME_BASE = "@rpath";
				ENABLE_BITCODE = NO;
				GENERATE_INFOPLIST_FILE = YES;
				INFOPLIST_KEY_NSHumanReadableCopyright = "";
				INSTALL_PATH = "$(LOCAL_LIBRARY_DIR)/Frameworks";
				LD_RUNPATH_SEARCH_PATHS = (
					"$(inherited)",
					"@executable_path/Frameworks",
					"@loader_path/Frameworks",
				);
				MARKETING_VERSION = 1.0;
				ONLY_ACTIVE_ARCH = YES;
				PRODUCT_BUNDLE_IDENTIFIER = com.castcle.Wallet;
				PRODUCT_NAME = "$(TARGET_NAME:c99extidentifier)";
				SKIP_INSTALL = YES;
				SWIFT_EMIT_LOC_STRINGS = YES;
				SWIFT_VERSION = 5.0;
				TARGETED_DEVICE_FAMILY = "1,2";
			};
			name = "Release (Staging)";
		};
		B7F0D324282B5F0B00BA9764 /* Release (Development) */ = {
			isa = XCBuildConfiguration;
			buildSettings = {
				ALWAYS_SEARCH_USER_PATHS = NO;
				CLANG_ANALYZER_NONNULL = YES;
				CLANG_ANALYZER_NUMBER_OBJECT_CONVERSION = YES_AGGRESSIVE;
				CLANG_CXX_LANGUAGE_STANDARD = "gnu++17";
				CLANG_ENABLE_MODULES = YES;
				CLANG_ENABLE_OBJC_ARC = YES;
				CLANG_ENABLE_OBJC_WEAK = YES;
				CLANG_WARN_BLOCK_CAPTURE_AUTORELEASING = YES;
				CLANG_WARN_BOOL_CONVERSION = YES;
				CLANG_WARN_COMMA = YES;
				CLANG_WARN_CONSTANT_CONVERSION = YES;
				CLANG_WARN_DEPRECATED_OBJC_IMPLEMENTATIONS = YES;
				CLANG_WARN_DIRECT_OBJC_ISA_USAGE = YES_ERROR;
				CLANG_WARN_DOCUMENTATION_COMMENTS = YES;
				CLANG_WARN_EMPTY_BODY = YES;
				CLANG_WARN_ENUM_CONVERSION = YES;
				CLANG_WARN_INFINITE_RECURSION = YES;
				CLANG_WARN_INT_CONVERSION = YES;
				CLANG_WARN_NON_LITERAL_NULL_CONVERSION = YES;
				CLANG_WARN_OBJC_IMPLICIT_RETAIN_SELF = YES;
				CLANG_WARN_OBJC_LITERAL_CONVERSION = YES;
				CLANG_WARN_OBJC_ROOT_CLASS = YES_ERROR;
				CLANG_WARN_QUOTED_INCLUDE_IN_FRAMEWORK_HEADER = YES;
				CLANG_WARN_RANGE_LOOP_ANALYSIS = YES;
				CLANG_WARN_STRICT_PROTOTYPES = YES;
				CLANG_WARN_SUSPICIOUS_MOVE = YES;
				CLANG_WARN_UNGUARDED_AVAILABILITY = YES_AGGRESSIVE;
				CLANG_WARN_UNREACHABLE_CODE = YES;
				CLANG_WARN__DUPLICATE_METHOD_MATCH = YES;
				COPY_PHASE_STRIP = NO;
				CURRENT_PROJECT_VERSION = 1;
				DEBUG_INFORMATION_FORMAT = "dwarf-with-dsym";
				ENABLE_BITCODE = NO;
				ENABLE_NS_ASSERTIONS = NO;
				ENABLE_STRICT_OBJC_MSGSEND = YES;
				ENABLE_TESTABILITY = YES;
				GCC_C_LANGUAGE_STANDARD = gnu11;
				GCC_NO_COMMON_BLOCKS = YES;
				GCC_WARN_64_TO_32_BIT_CONVERSION = YES;
				GCC_WARN_ABOUT_RETURN_TYPE = YES_ERROR;
				GCC_WARN_UNDECLARED_SELECTOR = YES;
				GCC_WARN_UNINITIALIZED_AUTOS = YES_AGGRESSIVE;
				GCC_WARN_UNUSED_FUNCTION = YES;
				GCC_WARN_UNUSED_VARIABLE = YES;
				IPHONEOS_DEPLOYMENT_TARGET = 13.0;
				MTL_ENABLE_DEBUG_INFO = NO;
				MTL_FAST_MATH = YES;
				ONLY_ACTIVE_ARCH = YES;
				SDKROOT = iphoneos;
				SWIFT_COMPILATION_MODE = wholemodule;
				SWIFT_OPTIMIZATION_LEVEL = "-O";
				VALIDATE_PRODUCT = YES;
				VERSIONING_SYSTEM = "apple-generic";
				VERSION_INFO_PREFIX = "";
			};
			name = "Release (Development)";
		};
		B7F0D325282B5F0B00BA9764 /* Release (Development) */ = {
			isa = XCBuildConfiguration;
			baseConfigurationReference = B64023A181614786618CCA62 /* Pods-Wallet.release (development).xcconfig */;
			buildSettings = {
				CLANG_ENABLE_MODULES = YES;
				CODE_SIGN_STYLE = Automatic;
				CURRENT_PROJECT_VERSION = 1;
				DEFINES_MODULE = YES;
				DYLIB_COMPATIBILITY_VERSION = 1;
				DYLIB_CURRENT_VERSION = 1;
				DYLIB_INSTALL_NAME_BASE = "@rpath";
				ENABLE_BITCODE = NO;
				GENERATE_INFOPLIST_FILE = YES;
				INFOPLIST_KEY_NSHumanReadableCopyright = "";
				INSTALL_PATH = "$(LOCAL_LIBRARY_DIR)/Frameworks";
				LD_RUNPATH_SEARCH_PATHS = (
					"$(inherited)",
					"@executable_path/Frameworks",
					"@loader_path/Frameworks",
				);
				MARKETING_VERSION = 1.0;
				ONLY_ACTIVE_ARCH = YES;
				PRODUCT_BUNDLE_IDENTIFIER = com.castcle.Wallet;
				PRODUCT_NAME = "$(TARGET_NAME:c99extidentifier)";
				SKIP_INSTALL = YES;
				SWIFT_EMIT_LOC_STRINGS = YES;
				SWIFT_VERSION = 5.0;
				TARGETED_DEVICE_FAMILY = "1,2";
			};
			name = "Release (Development)";
		};
/* End XCBuildConfiguration section */

/* Begin XCConfigurationList section */
		B7F0D30E282B5C9900BA9764 /* Build configuration list for PBXProject "Wallet" */ = {
			isa = XCConfigurationList;
			buildConfigurations = (
				B7F0D319282B5C9900BA9764 /* Debug (Production) */,
				B7F0D31E282B5F0200BA9764 /* Debug (Staging) */,
				B7F0D320282B5F0500BA9764 /* Debug (Development) */,
				B7F0D31A282B5C9900BA9764 /* Release (Production) */,
				B7F0D322282B5F0800BA9764 /* Release (Staging) */,
				B7F0D324282B5F0B00BA9764 /* Release (Development) */,
			);
			defaultConfigurationIsVisible = 0;
			defaultConfigurationName = "Release (Production)";
		};
		B7F0D31B282B5C9900BA9764 /* Build configuration list for PBXNativeTarget "Wallet" */ = {
			isa = XCConfigurationList;
			buildConfigurations = (
				B7F0D31C282B5C9900BA9764 /* Debug (Production) */,
				B7F0D31F282B5F0200BA9764 /* Debug (Staging) */,
				B7F0D321282B5F0500BA9764 /* Debug (Development) */,
				B7F0D31D282B5C9900BA9764 /* Release (Production) */,
				B7F0D323282B5F0800BA9764 /* Release (Staging) */,
				B7F0D325282B5F0B00BA9764 /* Release (Development) */,
			);
			defaultConfigurationIsVisible = 0;
			defaultConfigurationName = "Release (Production)";
		};
/* End XCConfigurationList section */
	};
	rootObject = B7F0D30B282B5C9900BA9764 /* Project object */;
}
